// !$*UTF8*$!
{
	archiveVersion = 1;
	classes = {
	};
	objectVersion = 46;
	objects = {

/* Begin PBXBuildFile section */
		5A2F2C861AB6F19C00BBF458 /* TYVPropertySetters.c in Sources */ = {isa = PBXBuildFile; fileRef = 5A2F2C841AB6F19C00BBF458 /* TYVPropertySetters.c */; };
		5A302C931AC193B400E784ED /* TYVStackTest.c in Sources */ = {isa = PBXBuildFile; fileRef = 5A302C911AC193B400E784ED /* TYVStackTest.c */; };
		5A33B5171AC6F817002591DE /* TYVLinkedListEnumerator.c in Sources */ = {isa = PBXBuildFile; fileRef = 5A33B5151AC6F817002591DE /* TYVLinkedListEnumerator.c */; };
		5A33B51D1AC71DAD002591DE /* TYVLinkedListNodeTests.c in Sources */ = {isa = PBXBuildFile; fileRef = 5A33B51B1AC71DAD002591DE /* TYVLinkedListNodeTests.c */; };
		5A33B5201AC7350C002591DE /* TYVLinkedListTests.c in Sources */ = {isa = PBXBuildFile; fileRef = 5A33B51E1AC7350C002591DE /* TYVLinkedListTests.c */; };
		5A365D7F1AF7940E00DEAAE3 /* TYVRange.m in Sources */ = {isa = PBXBuildFile; fileRef = 5A365D7E1AF7940E00DEAAE3 /* TYVRange.m */; };
		5A365D801AF7940E00DEAAE3 /* TYVRange.m in Sources */ = {isa = PBXBuildFile; fileRef = 5A365D7E1AF7940E00DEAAE3 /* TYVRange.m */; };
		5A45A7E21AC41FDF007FAB8F /* TYVLinkedListNode.c in Sources */ = {isa = PBXBuildFile; fileRef = 5A45A7E01AC41FDF007FAB8F /* TYVLinkedListNode.c */; };
		5A45A7E61AC42B9A007FAB8F /* TYVLinkedList.c in Sources */ = {isa = PBXBuildFile; fileRef = 5A45A7E41AC42B9A007FAB8F /* TYVLinkedList.c */; };
		5A51A9C71AA095F3003CC905 /* TYVObject.c in Sources */ = {isa = PBXBuildFile; fileRef = 5A51A9C51AA095F3003CC905 /* TYVObject.c */; };
		5A5201DE1AB3259B00D2C6EE /* TYVUniversalSetters.c in Sources */ = {isa = PBXBuildFile; fileRef = 5A5201DC1AB3259B00D2C6EE /* TYVUniversalSetters.c */; };
		5A5647BA1ACD49C400177C10 /* TYVAutoreleasePool.c in Sources */ = {isa = PBXBuildFile; fileRef = 5A5647B81ACD49C400177C10 /* TYVAutoreleasePool.c */; };
		5A5BF99B1AADF4AE00388CA8 /* TYVArrayList.c in Sources */ = {isa = PBXBuildFile; fileRef = 5A5BF9991AADF4AE00388CA8 /* TYVArrayList.c */; };
		5A5BF99F1AADF92800388CA8 /* TYVArrayListTests.c in Sources */ = {isa = PBXBuildFile; fileRef = 5A5BF99D1AADF92800388CA8 /* TYVArrayListTests.c */; };
		5A6691A81AEBCE110082F749 /* TYVEmployeesPool.m in Sources */ = {isa = PBXBuildFile; fileRef = 5A6691A71AEBCE110082F749 /* TYVEmployeesPool.m */; };
		5A6691A91AEBCE110082F749 /* TYVEmployeesPool.m in Sources */ = {isa = PBXBuildFile; fileRef = 5A6691A71AEBCE110082F749 /* TYVEmployeesPool.m */; settings = {COMPILER_FLAGS = "-fno-objc-arc"; }; };
		5A6691AC1AEBE8C00082F749 /* TYVEmployeesPoolSpec.m in Sources */ = {isa = PBXBuildFile; fileRef = 5A6691AB1AEBE8C00082F749 /* TYVEmployeesPoolSpec.m */; settings = {COMPILER_FLAGS = "-fno-objc-arc"; }; };
		5A73B5A61AEAB3B9002B31AF /* TYVMoneyKeeperSpec.m in Sources */ = {isa = PBXBuildFile; fileRef = 5A73B5A51AEAB3B9002B31AF /* TYVMoneyKeeperSpec.m */; settings = {COMPILER_FLAGS = "-fno-objc-arc"; }; };
		5A90177E1AD066AF009DBFE9 /* TYVAutoreleasePoolTests.c in Sources */ = {isa = PBXBuildFile; fileRef = 5A90177C1AD066AF009DBFE9 /* TYVAutoreleasePoolTests.c */; };
		5AAB27EE1AEAB1080014D965 /* TYVBeing.m in Sources */ = {isa = PBXBuildFile; fileRef = 5AAB27BC1AEAB1080014D965 /* TYVBeing.m */; };
		5AAB27EF1AEAB1080014D965 /* TYVBeing.m in Sources */ = {isa = PBXBuildFile; fileRef = 5AAB27BC1AEAB1080014D965 /* TYVBeing.m */; settings = {COMPILER_FLAGS = "-fno-objc-arc"; }; };
		5AAB27F01AEAB1080014D965 /* TYVBuilding.m in Sources */ = {isa = PBXBuildFile; fileRef = 5AAB27C11AEAB1080014D965 /* TYVBuilding.m */; };
		5AAB27F11AEAB1080014D965 /* TYVBuilding.m in Sources */ = {isa = PBXBuildFile; fileRef = 5AAB27C11AEAB1080014D965 /* TYVBuilding.m */; settings = {COMPILER_FLAGS = "-fno-objc-arc"; }; };
		5AAB27F21AEAB1080014D965 /* TYVCarwashBuilding.m in Sources */ = {isa = PBXBuildFile; fileRef = 5AAB27C41AEAB1080014D965 /* TYVCarwashBuilding.m */; };
		5AAB27F31AEAB1080014D965 /* TYVCarwashBuilding.m in Sources */ = {isa = PBXBuildFile; fileRef = 5AAB27C41AEAB1080014D965 /* TYVCarwashBuilding.m */; settings = {COMPILER_FLAGS = "-fno-objc-arc"; }; };
		5AAB27F41AEAB1080014D965 /* TYVCar.m in Sources */ = {isa = PBXBuildFile; fileRef = 5AAB27C71AEAB1080014D965 /* TYVCar.m */; };
		5AAB27F51AEAB1080014D965 /* TYVCar.m in Sources */ = {isa = PBXBuildFile; fileRef = 5AAB27C71AEAB1080014D965 /* TYVCar.m */; settings = {COMPILER_FLAGS = "-fno-objc-arc"; }; };
		5AAB27F61AEAB1080014D965 /* TYVCarwashEnterprise.m in Sources */ = {isa = PBXBuildFile; fileRef = 5AAB27CA1AEAB1080014D965 /* TYVCarwashEnterprise.m */; };
		5AAB27F71AEAB1080014D965 /* TYVCarwashEnterprise.m in Sources */ = {isa = PBXBuildFile; fileRef = 5AAB27CA1AEAB1080014D965 /* TYVCarwashEnterprise.m */; settings = {COMPILER_FLAGS = "-fno-objc-arc"; }; };
		5AAB27F81AEAB1080014D965 /* TYVEmployee.m in Sources */ = {isa = PBXBuildFile; fileRef = 5AAB27CE1AEAB1080014D965 /* TYVEmployee.m */; };
		5AAB27F91AEAB1080014D965 /* TYVEmployee.m in Sources */ = {isa = PBXBuildFile; fileRef = 5AAB27CE1AEAB1080014D965 /* TYVEmployee.m */; settings = {COMPILER_FLAGS = "-fno-objc-arc"; }; };
		5AAB27FA1AEAB1080014D965 /* TYVAccountant.m in Sources */ = {isa = PBXBuildFile; fileRef = 5AAB27D11AEAB1080014D965 /* TYVAccountant.m */; };
		5AAB27FB1AEAB1080014D965 /* TYVAccountant.m in Sources */ = {isa = PBXBuildFile; fileRef = 5AAB27D11AEAB1080014D965 /* TYVAccountant.m */; settings = {COMPILER_FLAGS = "-fno-objc-arc"; }; };
		5AAB27FC1AEAB1080014D965 /* TYVDirector.m in Sources */ = {isa = PBXBuildFile; fileRef = 5AAB27D41AEAB1080014D965 /* TYVDirector.m */; };
		5AAB27FD1AEAB1080014D965 /* TYVDirector.m in Sources */ = {isa = PBXBuildFile; fileRef = 5AAB27D41AEAB1080014D965 /* TYVDirector.m */; settings = {COMPILER_FLAGS = "-fno-objc-arc"; }; };
		5AAB27FE1AEAB1080014D965 /* TYVWasher.m in Sources */ = {isa = PBXBuildFile; fileRef = 5AAB27D71AEAB1080014D965 /* TYVWasher.m */; };
		5AAB27FF1AEAB1080014D965 /* TYVWasher.m in Sources */ = {isa = PBXBuildFile; fileRef = 5AAB27D71AEAB1080014D965 /* TYVWasher.m */; settings = {COMPILER_FLAGS = "-fno-objc-arc"; }; };
		5AAB28001AEAB1080014D965 /* TYVCarwashRoom.m in Sources */ = {isa = PBXBuildFile; fileRef = 5AAB27DB1AEAB1080014D965 /* TYVCarwashRoom.m */; };
		5AAB28011AEAB1080014D965 /* TYVCarwashRoom.m in Sources */ = {isa = PBXBuildFile; fileRef = 5AAB27DB1AEAB1080014D965 /* TYVCarwashRoom.m */; settings = {COMPILER_FLAGS = "-fno-objc-arc"; }; };
		5AAB28021AEAB1080014D965 /* TYVRoom.m in Sources */ = {isa = PBXBuildFile; fileRef = 5AAB27DE1AEAB1080014D965 /* TYVRoom.m */; };
		5AAB28031AEAB1080014D965 /* TYVRoom.m in Sources */ = {isa = PBXBuildFile; fileRef = 5AAB27DE1AEAB1080014D965 /* TYVRoom.m */; settings = {COMPILER_FLAGS = "-fno-objc-arc"; }; };
		5AAB28041AEAB1080014D965 /* TYVFemaleBeing.m in Sources */ = {isa = PBXBuildFile; fileRef = 5AAB27E11AEAB1080014D965 /* TYVFemaleBeing.m */; };
		5AAB28051AEAB1080014D965 /* TYVFemaleBeing.m in Sources */ = {isa = PBXBuildFile; fileRef = 5AAB27E11AEAB1080014D965 /* TYVFemaleBeing.m */; settings = {COMPILER_FLAGS = "-fno-objc-arc"; }; };
		5AAB28061AEAB1080014D965 /* TYVMaleBeing.m in Sources */ = {isa = PBXBuildFile; fileRef = 5AAB27E41AEAB1080014D965 /* TYVMaleBeing.m */; };
		5AAB28071AEAB1080014D965 /* TYVMaleBeing.m in Sources */ = {isa = PBXBuildFile; fileRef = 5AAB27E41AEAB1080014D965 /* TYVMaleBeing.m */; settings = {COMPILER_FLAGS = "-fno-objc-arc"; }; };
		5AAB28081AEAB1080014D965 /* TYVMoneyKeeper.m in Sources */ = {isa = PBXBuildFile; fileRef = 5AAB27E71AEAB1080014D965 /* TYVMoneyKeeper.m */; };
		5AAB28091AEAB1080014D965 /* TYVMoneyKeeper.m in Sources */ = {isa = PBXBuildFile; fileRef = 5AAB27E71AEAB1080014D965 /* TYVMoneyKeeper.m */; settings = {COMPILER_FLAGS = "-fno-objc-arc"; }; };
		5AAB280A1AEAB1080014D965 /* NSDecimalNumber+TYVNSDecimalNumberExtensions.m in Sources */ = {isa = PBXBuildFile; fileRef = 5AAB27EA1AEAB1080014D965 /* NSDecimalNumber+TYVNSDecimalNumberExtensions.m */; };
		5AAB280B1AEAB1080014D965 /* NSDecimalNumber+TYVNSDecimalNumberExtensions.m in Sources */ = {isa = PBXBuildFile; fileRef = 5AAB27EA1AEAB1080014D965 /* NSDecimalNumber+TYVNSDecimalNumberExtensions.m */; settings = {COMPILER_FLAGS = "-fno-objc-arc"; }; };
		5AAB280C1AEAB1080014D965 /* NSObject+TYVNSObjectExtensions.m in Sources */ = {isa = PBXBuildFile; fileRef = 5AAB27ED1AEAB1080014D965 /* NSObject+TYVNSObjectExtensions.m */; };
		5AAB280D1AEAB1080014D965 /* NSObject+TYVNSObjectExtensions.m in Sources */ = {isa = PBXBuildFile; fileRef = 5AAB27ED1AEAB1080014D965 /* NSObject+TYVNSObjectExtensions.m */; settings = {COMPILER_FLAGS = "-fno-objc-arc"; }; };
		5AACA13E1AD6804700DEE7EF /* main.m in Sources */ = {isa = PBXBuildFile; fileRef = 5AACA13D1AD6804700DEE7EF /* main.m */; };
		5AACA14A1AD682E400DEE7EF /* main.c in Sources */ = {isa = PBXBuildFile; fileRef = 5ABCB6E21A8CD25B00CD71E2 /* main.c */; };
		5AADBF3C1AA487A600B29A88 /* TYVArray.c in Sources */ = {isa = PBXBuildFile; fileRef = 5AADBF3A1AA487A600B29A88 /* TYVArray.c */; };
		5ACB6C6F1AF23CB000A622C4 /* NSString+TYVExtensions.m in Sources */ = {isa = PBXBuildFile; fileRef = 5ACB6C6E1AF23CB000A622C4 /* NSString+TYVExtensions.m */; };
		5ACB6C701AF23CB000A622C4 /* NSString+TYVExtensions.m in Sources */ = {isa = PBXBuildFile; fileRef = 5ACB6C6E1AF23CB000A622C4 /* NSString+TYVExtensions.m */; settings = {COMPILER_FLAGS = "-fno-objc-arc"; }; };
		5ACB6C731AF241C600A622C4 /* NSString+TYVExtensionsSpec.m in Sources */ = {isa = PBXBuildFile; fileRef = 5ACB6C721AF241C600A622C4 /* NSString+TYVExtensionsSpec.m */; settings = {COMPILER_FLAGS = "-fno-objc-arc"; }; };
		5AF089801ABC4562008BF7C9 /* TYVRange.c in Sources */ = {isa = PBXBuildFile; fileRef = 5AF0897E1ABC4562008BF7C9 /* TYVRange.c */; };
		5AF30FB91AC2CE10000D40E9 /* TYVAutoReleaseStack.c in Sources */ = {isa = PBXBuildFile; fileRef = 5AF30FB71AC2CE10000D40E9 /* TYVAutoReleaseStack.c */; };
		5AFD29FC1A9DE189007EFFB5 /* TYVMultiples.c in Sources */ = {isa = PBXBuildFile; fileRef = 5AFD29F81A9DE189007EFFB5 /* TYVMultiples.c */; };
		5AFD29FD1A9DE189007EFFB5 /* TYVMultiplesTests.c in Sources */ = {isa = PBXBuildFile; fileRef = 5AFD29FA1A9DE189007EFFB5 /* TYVMultiplesTests.c */; };
		5AFD2A0A1A9DE2EC007EFFB5 /* TYVStructure.c in Sources */ = {isa = PBXBuildFile; fileRef = 5AFD2A061A9DE2EC007EFFB5 /* TYVStructure.c */; };
		5AFD2A0B1A9DE2EC007EFFB5 /* TYVStructureTests.c in Sources */ = {isa = PBXBuildFile; fileRef = 5AFD2A081A9DE2EC007EFFB5 /* TYVStructureTests.c */; };
		5AFD2A151A9E0E98007EFFB5 /* TYVBitReverse.c in Sources */ = {isa = PBXBuildFile; fileRef = 5AFD2A0D1A9E0E98007EFFB5 /* TYVBitReverse.c */; };
		5AFD2A161A9E0E98007EFFB5 /* TYVEndian.c in Sources */ = {isa = PBXBuildFile; fileRef = 5AFD2A0F1A9E0E98007EFFB5 /* TYVEndian.c */; };
		5AFD2A171A9E0E98007EFFB5 /* TYVValueBitOutput.c in Sources */ = {isa = PBXBuildFile; fileRef = 5AFD2A111A9E0E98007EFFB5 /* TYVValueBitOutput.c */; };
		5AFD2A181A9E0E98007EFFB5 /* TYVValueBitOutputTests.c in Sources */ = {isa = PBXBuildFile; fileRef = 5AFD2A131A9E0E98007EFFB5 /* TYVValueBitOutputTests.c */; };
		5AFD2A2A1A9E0F97007EFFB5 /* TYVHumanStruct.c in Sources */ = {isa = PBXBuildFile; fileRef = 5AFD2A1C1A9E0F97007EFFB5 /* TYVHumanStruct.c */; };
		5AFD2A2B1A9E0F97007EFFB5 /* TYVName.c in Sources */ = {isa = PBXBuildFile; fileRef = 5AFD2A1E1A9E0F97007EFFB5 /* TYVName.c */; };
		5AFD2A2C1A9E0F97007EFFB5 /* TYVHuman.c in Sources */ = {isa = PBXBuildFile; fileRef = 5AFD2A211A9E0F97007EFFB5 /* TYVHuman.c */; };
		5AFD2A2D1A9E0F97007EFFB5 /* TYVHumanTests.c in Sources */ = {isa = PBXBuildFile; fileRef = 5AFD2A231A9E0F97007EFFB5 /* TYVHumanTests.c */; };
		5AFD2A2E1A9E0F97007EFFB5 /* TYVString.c in Sources */ = {isa = PBXBuildFile; fileRef = 5AFD2A261A9E0F97007EFFB5 /* TYVString.c */; };
		5AFD2A2F1A9E0F97007EFFB5 /* TYVStringTests.c in Sources */ = {isa = PBXBuildFile; fileRef = 5AFD2A281A9E0F97007EFFB5 /* TYVStringTests.c */; };
		D01D203476F540403AE46079 /* libPods-ObjCTests.a in Frameworks */ = {isa = PBXBuildFile; fileRef = 2E18DF74D88AFA399F59002D /* libPods-ObjCTests.a */; };
/* End PBXBuildFile section */

/* Begin PBXCopyFilesBuildPhase section */
		5AACA1391AD6804700DEE7EF /* CopyFiles */ = {
			isa = PBXCopyFilesBuildPhase;
			buildActionMask = 2147483647;
			dstPath = /usr/share/man/man1/;
			dstSubfolderSpec = 0;
			files = (
			);
			runOnlyForDeploymentPostprocessing = 1;
		};
		5ABCB6DD1A8CD25B00CD71E2 /* CopyFiles */ = {
			isa = PBXCopyFilesBuildPhase;
			buildActionMask = 2147483647;
			dstPath = /usr/share/man/man1/;
			dstSubfolderSpec = 0;
			files = (
			);
			runOnlyForDeploymentPostprocessing = 1;
		};
/* End PBXCopyFilesBuildPhase section */

/* Begin PBXFileReference section */
		2E18DF74D88AFA399F59002D /* libPods-ObjCTests.a */ = {isa = PBXFileReference; explicitFileType = archive.ar; includeInIndex = 0; path = "libPods-ObjCTests.a"; sourceTree = BUILT_PRODUCTS_DIR; };
		2F5F97864B37DCF8CF27373A /* Pods-ObjCTests.debug.xcconfig */ = {isa = PBXFileReference; includeInIndex = 1; lastKnownFileType = text.xcconfig; name = "Pods-ObjCTests.debug.xcconfig"; path = "Pods/Target Support Files/Pods-ObjCTests/Pods-ObjCTests.debug.xcconfig"; sourceTree = "<group>"; };
		5A2F2C841AB6F19C00BBF458 /* TYVPropertySetters.c */ = {isa = PBXFileReference; fileEncoding = 4; lastKnownFileType = sourcecode.c.c; name = TYVPropertySetters.c; path = TYVPropertySetters/TYVPropertySetters.c; sourceTree = "<group>"; };
		5A2F2C851AB6F19C00BBF458 /* TYVPropertySetters.h */ = {isa = PBXFileReference; fileEncoding = 4; lastKnownFileType = sourcecode.c.h; name = TYVPropertySetters.h; path = TYVPropertySetters/TYVPropertySetters.h; sourceTree = "<group>"; };
		5A302C911AC193B400E784ED /* TYVStackTest.c */ = {isa = PBXFileReference; fileEncoding = 4; lastKnownFileType = sourcecode.c.c; name = TYVStackTest.c; path = task6/TYVStack/TYVStackTest.c; sourceTree = "<group>"; };
		5A302C921AC193B400E784ED /* TYVStackTest.h */ = {isa = PBXFileReference; fileEncoding = 4; lastKnownFileType = sourcecode.c.h; name = TYVStackTest.h; path = task6/TYVStack/TYVStackTest.h; sourceTree = "<group>"; };
		5A33B5151AC6F817002591DE /* TYVLinkedListEnumerator.c */ = {isa = PBXFileReference; fileEncoding = 4; lastKnownFileType = sourcecode.c.c; name = TYVLinkedListEnumerator.c; path = task6/TYVLinkedListEnumerator/TYVLinkedListEnumerator.c; sourceTree = "<group>"; };
		5A33B5161AC6F817002591DE /* TYVLinkedListEnumerator.h */ = {isa = PBXFileReference; fileEncoding = 4; lastKnownFileType = sourcecode.c.h; name = TYVLinkedListEnumerator.h; path = task6/TYVLinkedListEnumerator/TYVLinkedListEnumerator.h; sourceTree = "<group>"; };
		5A33B5191AC6FE3B002591DE /* TYVLinkedListPrivate.h */ = {isa = PBXFileReference; fileEncoding = 4; lastKnownFileType = sourcecode.c.h; name = TYVLinkedListPrivate.h; path = task6/TYVLinkedList/TYVLinkedListPrivate.h; sourceTree = "<group>"; };
		5A33B51A1AC700A0002591DE /* TYVLinkedListEnumeratorPrivate.h */ = {isa = PBXFileReference; fileEncoding = 4; lastKnownFileType = sourcecode.c.h; name = TYVLinkedListEnumeratorPrivate.h; path = task6/TYVLinkedListEnumerator/TYVLinkedListEnumeratorPrivate.h; sourceTree = "<group>"; };
		5A33B51B1AC71DAD002591DE /* TYVLinkedListNodeTests.c */ = {isa = PBXFileReference; fileEncoding = 4; lastKnownFileType = sourcecode.c.c; name = TYVLinkedListNodeTests.c; path = task6/TYVLinkedListNode/TYVLinkedListNodeTests.c; sourceTree = "<group>"; };
		5A33B51C1AC71DAD002591DE /* TYVLinkedListNodeTests.h */ = {isa = PBXFileReference; fileEncoding = 4; lastKnownFileType = sourcecode.c.h; name = TYVLinkedListNodeTests.h; path = task6/TYVLinkedListNode/TYVLinkedListNodeTests.h; sourceTree = "<group>"; };
		5A33B51E1AC7350C002591DE /* TYVLinkedListTests.c */ = {isa = PBXFileReference; fileEncoding = 4; lastKnownFileType = sourcecode.c.c; name = TYVLinkedListTests.c; path = task6/TYVLinkedList/TYVLinkedListTests.c; sourceTree = "<group>"; };
		5A33B51F1AC7350C002591DE /* TYVLinkedListTests.h */ = {isa = PBXFileReference; fileEncoding = 4; lastKnownFileType = sourcecode.c.h; name = TYVLinkedListTests.h; path = task6/TYVLinkedList/TYVLinkedListTests.h; sourceTree = "<group>"; };
		5A365D7D1AF7940E00DEAAE3 /* TYVRange.h */ = {isa = PBXFileReference; fileEncoding = 4; lastKnownFileType = sourcecode.c.h; name = TYVRange.h; path = TYVRange/TYVRange.h; sourceTree = "<group>"; };
		5A365D7E1AF7940E00DEAAE3 /* TYVRange.m */ = {isa = PBXFileReference; fileEncoding = 4; lastKnownFileType = sourcecode.c.objc; name = TYVRange.m; path = TYVRange/TYVRange.m; sourceTree = "<group>"; };
		5A45A7E01AC41FDF007FAB8F /* TYVLinkedListNode.c */ = {isa = PBXFileReference; fileEncoding = 4; lastKnownFileType = sourcecode.c.c; name = TYVLinkedListNode.c; path = task6/TYVLinkedListNode/TYVLinkedListNode.c; sourceTree = "<group>"; };
		5A45A7E11AC41FDF007FAB8F /* TYVLinkedListNode.h */ = {isa = PBXFileReference; fileEncoding = 4; lastKnownFileType = sourcecode.c.h; name = TYVLinkedListNode.h; path = task6/TYVLinkedListNode/TYVLinkedListNode.h; sourceTree = "<group>"; };
		5A45A7E41AC42B9A007FAB8F /* TYVLinkedList.c */ = {isa = PBXFileReference; fileEncoding = 4; lastKnownFileType = sourcecode.c.c; name = TYVLinkedList.c; path = task6/TYVLinkedList/TYVLinkedList.c; sourceTree = "<group>"; };
		5A45A7E51AC42B9A007FAB8F /* TYVLinkedList.h */ = {isa = PBXFileReference; fileEncoding = 4; lastKnownFileType = sourcecode.c.h; name = TYVLinkedList.h; path = task6/TYVLinkedList/TYVLinkedList.h; sourceTree = "<group>"; };
		5A51A9C51AA095F3003CC905 /* TYVObject.c */ = {isa = PBXFileReference; fileEncoding = 4; lastKnownFileType = sourcecode.c.c; name = TYVObject.c; path = TYVObject/TYVObject.c; sourceTree = "<group>"; };
		5A51A9C61AA095F3003CC905 /* TYVObject.h */ = {isa = PBXFileReference; fileEncoding = 4; lastKnownFileType = sourcecode.c.h; name = TYVObject.h; path = TYVObject/TYVObject.h; sourceTree = "<group>"; };
		5A5201DC1AB3259B00D2C6EE /* TYVUniversalSetters.c */ = {isa = PBXFileReference; fileEncoding = 4; lastKnownFileType = sourcecode.c.c; name = TYVUniversalSetters.c; path = TYVUniversalSetters/TYVUniversalSetters.c; sourceTree = "<group>"; };
		5A5201DD1AB3259B00D2C6EE /* TYVUniversalSetters.h */ = {isa = PBXFileReference; fileEncoding = 4; lastKnownFileType = sourcecode.c.h; name = TYVUniversalSetters.h; path = TYVUniversalSetters/TYVUniversalSetters.h; sourceTree = "<group>"; };
		5A5647B81ACD49C400177C10 /* TYVAutoreleasePool.c */ = {isa = PBXFileReference; fileEncoding = 4; lastKnownFileType = sourcecode.c.c; name = TYVAutoreleasePool.c; path = task6/TYVAutoreleasePool/TYVAutoreleasePool.c; sourceTree = "<group>"; };
		5A5647B91ACD49C400177C10 /* TYVAutoreleasePool.h */ = {isa = PBXFileReference; fileEncoding = 4; lastKnownFileType = sourcecode.c.h; name = TYVAutoreleasePool.h; path = task6/TYVAutoreleasePool/TYVAutoreleasePool.h; sourceTree = "<group>"; };
		5A5BF9991AADF4AE00388CA8 /* TYVArrayList.c */ = {isa = PBXFileReference; fileEncoding = 4; lastKnownFileType = sourcecode.c.c; name = TYVArrayList.c; path = TYVArrayList/TYVArrayList.c; sourceTree = "<group>"; };
		5A5BF99A1AADF4AE00388CA8 /* TYVArrayList.h */ = {isa = PBXFileReference; fileEncoding = 4; lastKnownFileType = sourcecode.c.h; name = TYVArrayList.h; path = TYVArrayList/TYVArrayList.h; sourceTree = "<group>"; };
		5A5BF99D1AADF92800388CA8 /* TYVArrayListTests.c */ = {isa = PBXFileReference; fileEncoding = 4; lastKnownFileType = sourcecode.c.c; name = TYVArrayListTests.c; path = TYVArrayList/TYVArrayListTests.c; sourceTree = "<group>"; };
		5A5BF99E1AADF92800388CA8 /* TYVArrayListTests.h */ = {isa = PBXFileReference; fileEncoding = 4; lastKnownFileType = sourcecode.c.h; name = TYVArrayListTests.h; path = TYVArrayList/TYVArrayListTests.h; sourceTree = "<group>"; };
		5A6691A61AEBCE110082F749 /* TYVEmployeesPool.h */ = {isa = PBXFileReference; fileEncoding = 4; lastKnownFileType = sourcecode.c.h; name = TYVEmployeesPool.h; path = TYVEmployeesPool/TYVEmployeesPool.h; sourceTree = "<group>"; };
		5A6691A71AEBCE110082F749 /* TYVEmployeesPool.m */ = {isa = PBXFileReference; fileEncoding = 4; lastKnownFileType = sourcecode.c.objc; name = TYVEmployeesPool.m; path = TYVEmployeesPool/TYVEmployeesPool.m; sourceTree = "<group>"; };
		5A6691AB1AEBE8C00082F749 /* TYVEmployeesPoolSpec.m */ = {isa = PBXFileReference; fileEncoding = 4; lastKnownFileType = sourcecode.c.objc; name = TYVEmployeesPoolSpec.m; path = TYVEmployeesPoolSpec/TYVEmployeesPoolSpec.m; sourceTree = "<group>"; };
		5A73B5A51AEAB3B9002B31AF /* TYVMoneyKeeperSpec.m */ = {isa = PBXFileReference; fileEncoding = 4; lastKnownFileType = sourcecode.c.objc; name = TYVMoneyKeeperSpec.m; path = TYVMoneyKeeperSpec/TYVMoneyKeeperSpec.m; sourceTree = "<group>"; };
		5A90177C1AD066AF009DBFE9 /* TYVAutoreleasePoolTests.c */ = {isa = PBXFileReference; fileEncoding = 4; lastKnownFileType = sourcecode.c.c; name = TYVAutoreleasePoolTests.c; path = task6/TYVAutoreleasePool/TYVAutoreleasePoolTests.c; sourceTree = "<group>"; };
		5A90177D1AD066AF009DBFE9 /* TYVAutoreleasePoolTests.h */ = {isa = PBXFileReference; fileEncoding = 4; lastKnownFileType = sourcecode.c.h; name = TYVAutoreleasePoolTests.h; path = task6/TYVAutoreleasePool/TYVAutoreleasePoolTests.h; sourceTree = "<group>"; };
		5AAB27B01AEAAAE60014D965 /* ObjCTests.xctest */ = {isa = PBXFileReference; explicitFileType = wrapper.cfbundle; includeInIndex = 0; path = ObjCTests.xctest; sourceTree = BUILT_PRODUCTS_DIR; };
		5AAB27B31AEAAAE60014D965 /* Info.plist */ = {isa = PBXFileReference; lastKnownFileType = text.plist.xml; path = Info.plist; sourceTree = "<group>"; };
		5AAB27BB1AEAB1080014D965 /* TYVBeing.h */ = {isa = PBXFileReference; fileEncoding = 4; lastKnownFileType = sourcecode.c.h; path = TYVBeing.h; sourceTree = "<group>"; };
		5AAB27BC1AEAB1080014D965 /* TYVBeing.m */ = {isa = PBXFileReference; fileEncoding = 4; lastKnownFileType = sourcecode.c.objc; path = TYVBeing.m; sourceTree = "<group>"; };
		5AAB27C01AEAB1080014D965 /* TYVBuilding.h */ = {isa = PBXFileReference; fileEncoding = 4; lastKnownFileType = sourcecode.c.h; path = TYVBuilding.h; sourceTree = "<group>"; };
		5AAB27C11AEAB1080014D965 /* TYVBuilding.m */ = {isa = PBXFileReference; fileEncoding = 4; lastKnownFileType = sourcecode.c.objc; path = TYVBuilding.m; sourceTree = "<group>"; };
		5AAB27C31AEAB1080014D965 /* TYVCarwashBuilding.h */ = {isa = PBXFileReference; fileEncoding = 4; lastKnownFileType = sourcecode.c.h; path = TYVCarwashBuilding.h; sourceTree = "<group>"; };
		5AAB27C41AEAB1080014D965 /* TYVCarwashBuilding.m */ = {isa = PBXFileReference; fileEncoding = 4; lastKnownFileType = sourcecode.c.objc; path = TYVCarwashBuilding.m; sourceTree = "<group>"; };
		5AAB27C61AEAB1080014D965 /* TYVCar.h */ = {isa = PBXFileReference; fileEncoding = 4; lastKnownFileType = sourcecode.c.h; path = TYVCar.h; sourceTree = "<group>"; };
		5AAB27C71AEAB1080014D965 /* TYVCar.m */ = {isa = PBXFileReference; fileEncoding = 4; lastKnownFileType = sourcecode.c.objc; path = TYVCar.m; sourceTree = "<group>"; };
		5AAB27C91AEAB1080014D965 /* TYVCarwashEnterprise.h */ = {isa = PBXFileReference; fileEncoding = 4; lastKnownFileType = sourcecode.c.h; path = TYVCarwashEnterprise.h; sourceTree = "<group>"; };
		5AAB27CA1AEAB1080014D965 /* TYVCarwashEnterprise.m */ = {isa = PBXFileReference; fileEncoding = 4; lastKnownFileType = sourcecode.c.objc; path = TYVCarwashEnterprise.m; sourceTree = "<group>"; };
		5AAB27CD1AEAB1080014D965 /* TYVEmployee.h */ = {isa = PBXFileReference; fileEncoding = 4; lastKnownFileType = sourcecode.c.h; path = TYVEmployee.h; sourceTree = "<group>"; };
		5AAB27CE1AEAB1080014D965 /* TYVEmployee.m */ = {isa = PBXFileReference; fileEncoding = 4; lastKnownFileType = sourcecode.c.objc; path = TYVEmployee.m; sourceTree = "<group>"; };
		5AAB27D01AEAB1080014D965 /* TYVAccountant.h */ = {isa = PBXFileReference; fileEncoding = 4; lastKnownFileType = sourcecode.c.h; path = TYVAccountant.h; sourceTree = "<group>"; };
		5AAB27D11AEAB1080014D965 /* TYVAccountant.m */ = {isa = PBXFileReference; fileEncoding = 4; lastKnownFileType = sourcecode.c.objc; path = TYVAccountant.m; sourceTree = "<group>"; };
		5AAB27D31AEAB1080014D965 /* TYVDirector.h */ = {isa = PBXFileReference; fileEncoding = 4; lastKnownFileType = sourcecode.c.h; path = TYVDirector.h; sourceTree = "<group>"; };
		5AAB27D41AEAB1080014D965 /* TYVDirector.m */ = {isa = PBXFileReference; fileEncoding = 4; lastKnownFileType = sourcecode.c.objc; path = TYVDirector.m; sourceTree = "<group>"; };
		5AAB27D61AEAB1080014D965 /* TYVWasher.h */ = {isa = PBXFileReference; fileEncoding = 4; lastKnownFileType = sourcecode.c.h; path = TYVWasher.h; sourceTree = "<group>"; };
		5AAB27D71AEAB1080014D965 /* TYVWasher.m */ = {isa = PBXFileReference; fileEncoding = 4; lastKnownFileType = sourcecode.c.objc; path = TYVWasher.m; sourceTree = "<group>"; };
		5AAB27DA1AEAB1080014D965 /* TYVCarwashRoom.h */ = {isa = PBXFileReference; fileEncoding = 4; lastKnownFileType = sourcecode.c.h; path = TYVCarwashRoom.h; sourceTree = "<group>"; };
		5AAB27DB1AEAB1080014D965 /* TYVCarwashRoom.m */ = {isa = PBXFileReference; fileEncoding = 4; lastKnownFileType = sourcecode.c.objc; path = TYVCarwashRoom.m; sourceTree = "<group>"; };
		5AAB27DD1AEAB1080014D965 /* TYVRoom.h */ = {isa = PBXFileReference; fileEncoding = 4; lastKnownFileType = sourcecode.c.h; path = TYVRoom.h; sourceTree = "<group>"; };
		5AAB27DE1AEAB1080014D965 /* TYVRoom.m */ = {isa = PBXFileReference; fileEncoding = 4; lastKnownFileType = sourcecode.c.objc; path = TYVRoom.m; sourceTree = "<group>"; };
		5AAB27E01AEAB1080014D965 /* TYVFemaleBeing.h */ = {isa = PBXFileReference; fileEncoding = 4; lastKnownFileType = sourcecode.c.h; path = TYVFemaleBeing.h; sourceTree = "<group>"; };
		5AAB27E11AEAB1080014D965 /* TYVFemaleBeing.m */ = {isa = PBXFileReference; fileEncoding = 4; lastKnownFileType = sourcecode.c.objc; path = TYVFemaleBeing.m; sourceTree = "<group>"; };
		5AAB27E31AEAB1080014D965 /* TYVMaleBeing.h */ = {isa = PBXFileReference; fileEncoding = 4; lastKnownFileType = sourcecode.c.h; path = TYVMaleBeing.h; sourceTree = "<group>"; };
		5AAB27E41AEAB1080014D965 /* TYVMaleBeing.m */ = {isa = PBXFileReference; fileEncoding = 4; lastKnownFileType = sourcecode.c.objc; path = TYVMaleBeing.m; sourceTree = "<group>"; };
		5AAB27E61AEAB1080014D965 /* TYVMoneyKeeper.h */ = {isa = PBXFileReference; fileEncoding = 4; lastKnownFileType = sourcecode.c.h; path = TYVMoneyKeeper.h; sourceTree = "<group>"; };
		5AAB27E71AEAB1080014D965 /* TYVMoneyKeeper.m */ = {isa = PBXFileReference; fileEncoding = 4; lastKnownFileType = sourcecode.c.objc; path = TYVMoneyKeeper.m; sourceTree = "<group>"; };
		5AAB27E91AEAB1080014D965 /* NSDecimalNumber+TYVNSDecimalNumberExtensions.h */ = {isa = PBXFileReference; fileEncoding = 4; lastKnownFileType = sourcecode.c.h; path = "NSDecimalNumber+TYVNSDecimalNumberExtensions.h"; sourceTree = "<group>"; };
		5AAB27EA1AEAB1080014D965 /* NSDecimalNumber+TYVNSDecimalNumberExtensions.m */ = {isa = PBXFileReference; fileEncoding = 4; lastKnownFileType = sourcecode.c.objc; path = "NSDecimalNumber+TYVNSDecimalNumberExtensions.m"; sourceTree = "<group>"; };
		5AAB27EC1AEAB1080014D965 /* NSObject+TYVNSObjectExtensions.h */ = {isa = PBXFileReference; fileEncoding = 4; lastKnownFileType = sourcecode.c.h; path = "NSObject+TYVNSObjectExtensions.h"; sourceTree = "<group>"; };
		5AAB27ED1AEAB1080014D965 /* NSObject+TYVNSObjectExtensions.m */ = {isa = PBXFileReference; fileEncoding = 4; lastKnownFileType = sourcecode.c.objc; path = "NSObject+TYVNSObjectExtensions.m"; sourceTree = "<group>"; };
		5AACA13B1AD6804700DEE7EF /* TYVObjCHomework */ = {isa = PBXFileReference; explicitFileType = "compiled.mach-o.executable"; includeInIndex = 0; path = TYVObjCHomework; sourceTree = BUILT_PRODUCTS_DIR; };
		5AACA13D1AD6804700DEE7EF /* main.m */ = {isa = PBXFileReference; lastKnownFileType = sourcecode.c.objc; path = main.m; sourceTree = "<group>"; };
		5AADBF3A1AA487A600B29A88 /* TYVArray.c */ = {isa = PBXFileReference; fileEncoding = 4; lastKnownFileType = sourcecode.c.c; name = TYVArray.c; path = TYVArray/TYVArray.c; sourceTree = "<group>"; };
		5AADBF3B1AA487A600B29A88 /* TYVArray.h */ = {isa = PBXFileReference; fileEncoding = 4; lastKnownFileType = sourcecode.c.h; name = TYVArray.h; path = TYVArray/TYVArray.h; sourceTree = "<group>"; };
		5ABCB6DF1A8CD25B00CD71E2 /* IDAPCoursesHomework */ = {isa = PBXFileReference; explicitFileType = "compiled.mach-o.executable"; includeInIndex = 0; path = IDAPCoursesHomework; sourceTree = BUILT_PRODUCTS_DIR; };
		5ABCB6E21A8CD25B00CD71E2 /* main.c */ = {isa = PBXFileReference; lastKnownFileType = sourcecode.c.c; path = main.c; sourceTree = "<group>"; };
		5ACB6C6D1AF23CB000A622C4 /* NSString+TYVExtensions.h */ = {isa = PBXFileReference; fileEncoding = 4; lastKnownFileType = sourcecode.c.h; name = "NSString+TYVExtensions.h"; path = "NSString+TYVExtensions/NSString+TYVExtensions.h"; sourceTree = "<group>"; };
		5ACB6C6E1AF23CB000A622C4 /* NSString+TYVExtensions.m */ = {isa = PBXFileReference; fileEncoding = 4; lastKnownFileType = sourcecode.c.objc; name = "NSString+TYVExtensions.m"; path = "NSString+TYVExtensions/NSString+TYVExtensions.m"; sourceTree = "<group>"; };
		5ACB6C721AF241C600A622C4 /* NSString+TYVExtensionsSpec.m */ = {isa = PBXFileReference; fileEncoding = 4; lastKnownFileType = sourcecode.c.objc; name = "NSString+TYVExtensionsSpec.m"; path = "NSString+TYVExtensionsSpec/NSString+TYVExtensionsSpec.m"; sourceTree = "<group>"; };
		5AF0897E1ABC4562008BF7C9 /* TYVRange.c */ = {isa = PBXFileReference; fileEncoding = 4; lastKnownFileType = sourcecode.c.c; name = TYVRange.c; path = TYVRange/TYVRange.c; sourceTree = "<group>"; };
		5AF0897F1ABC4562008BF7C9 /* TYVRange.h */ = {isa = PBXFileReference; fileEncoding = 4; lastKnownFileType = sourcecode.c.h; name = TYVRange.h; path = TYVRange/TYVRange.h; sourceTree = "<group>"; };
		5AF30FB71AC2CE10000D40E9 /* TYVAutoReleaseStack.c */ = {isa = PBXFileReference; fileEncoding = 4; lastKnownFileType = sourcecode.c.c; name = TYVAutoReleaseStack.c; path = task6/TYVStack/TYVAutoReleaseStack.c; sourceTree = "<group>"; };
		5AF30FB81AC2CE10000D40E9 /* TYVAutoReleaseStack.h */ = {isa = PBXFileReference; fileEncoding = 4; lastKnownFileType = sourcecode.c.h; name = TYVAutoReleaseStack.h; path = task6/TYVStack/TYVAutoReleaseStack.h; sourceTree = "<group>"; };
		5AFD29F81A9DE189007EFFB5 /* TYVMultiples.c */ = {isa = PBXFileReference; fileEncoding = 4; lastKnownFileType = sourcecode.c.c; name = TYVMultiples.c; path = IDAPCoursesHomework/task1/TYVMultiples.c; sourceTree = "<group>"; };
		5AFD29F91A9DE189007EFFB5 /* TYVMultiples.h */ = {isa = PBXFileReference; fileEncoding = 4; lastKnownFileType = sourcecode.c.h; name = TYVMultiples.h; path = IDAPCoursesHomework/task1/TYVMultiples.h; sourceTree = "<group>"; };
		5AFD29FA1A9DE189007EFFB5 /* TYVMultiplesTests.c */ = {isa = PBXFileReference; fileEncoding = 4; lastKnownFileType = sourcecode.c.c; name = TYVMultiplesTests.c; path = IDAPCoursesHomework/task1/TYVMultiplesTests.c; sourceTree = "<group>"; };
		5AFD29FB1A9DE189007EFFB5 /* TYVMultiplesTests.h */ = {isa = PBXFileReference; fileEncoding = 4; lastKnownFileType = sourcecode.c.h; name = TYVMultiplesTests.h; path = IDAPCoursesHomework/task1/TYVMultiplesTests.h; sourceTree = "<group>"; };
		5AFD2A061A9DE2EC007EFFB5 /* TYVStructure.c */ = {isa = PBXFileReference; fileEncoding = 4; lastKnownFileType = sourcecode.c.c; name = TYVStructure.c; path = IDAPCoursesHomework/task3/TYVStructure.c; sourceTree = "<group>"; };
		5AFD2A071A9DE2EC007EFFB5 /* TYVStructure.h */ = {isa = PBXFileReference; fileEncoding = 4; lastKnownFileType = sourcecode.c.h; name = TYVStructure.h; path = IDAPCoursesHomework/task3/TYVStructure.h; sourceTree = "<group>"; };
		5AFD2A081A9DE2EC007EFFB5 /* TYVStructureTests.c */ = {isa = PBXFileReference; fileEncoding = 4; lastKnownFileType = sourcecode.c.c; name = TYVStructureTests.c; path = IDAPCoursesHomework/task3/TYVStructureTests.c; sourceTree = "<group>"; };
		5AFD2A091A9DE2EC007EFFB5 /* TYVStructureTests.h */ = {isa = PBXFileReference; fileEncoding = 4; lastKnownFileType = sourcecode.c.h; name = TYVStructureTests.h; path = IDAPCoursesHomework/task3/TYVStructureTests.h; sourceTree = "<group>"; };
		5AFD2A0D1A9E0E98007EFFB5 /* TYVBitReverse.c */ = {isa = PBXFileReference; fileEncoding = 4; lastKnownFileType = sourcecode.c.c; name = TYVBitReverse.c; path = IDAPCoursesHomework/task4/TYVBitReverse.c; sourceTree = "<group>"; };
		5AFD2A0E1A9E0E98007EFFB5 /* TYVBitReverse.h */ = {isa = PBXFileReference; fileEncoding = 4; lastKnownFileType = sourcecode.c.h; name = TYVBitReverse.h; path = IDAPCoursesHomework/task4/TYVBitReverse.h; sourceTree = "<group>"; };
		5AFD2A0F1A9E0E98007EFFB5 /* TYVEndian.c */ = {isa = PBXFileReference; fileEncoding = 4; lastKnownFileType = sourcecode.c.c; name = TYVEndian.c; path = IDAPCoursesHomework/task4/TYVEndian.c; sourceTree = "<group>"; };
		5AFD2A101A9E0E98007EFFB5 /* TYVEndian.h */ = {isa = PBXFileReference; fileEncoding = 4; lastKnownFileType = sourcecode.c.h; name = TYVEndian.h; path = IDAPCoursesHomework/task4/TYVEndian.h; sourceTree = "<group>"; };
		5AFD2A111A9E0E98007EFFB5 /* TYVValueBitOutput.c */ = {isa = PBXFileReference; fileEncoding = 4; lastKnownFileType = sourcecode.c.c; name = TYVValueBitOutput.c; path = IDAPCoursesHomework/task4/TYVValueBitOutput.c; sourceTree = "<group>"; };
		5AFD2A121A9E0E98007EFFB5 /* TYVValueBitOutput.h */ = {isa = PBXFileReference; fileEncoding = 4; lastKnownFileType = sourcecode.c.h; name = TYVValueBitOutput.h; path = IDAPCoursesHomework/task4/TYVValueBitOutput.h; sourceTree = "<group>"; };
		5AFD2A131A9E0E98007EFFB5 /* TYVValueBitOutputTests.c */ = {isa = PBXFileReference; fileEncoding = 4; lastKnownFileType = sourcecode.c.c; name = TYVValueBitOutputTests.c; path = IDAPCoursesHomework/task4/TYVValueBitOutputTests.c; sourceTree = "<group>"; };
		5AFD2A141A9E0E98007EFFB5 /* TYVValueBitOutputTests.h */ = {isa = PBXFileReference; fileEncoding = 4; lastKnownFileType = sourcecode.c.h; name = TYVValueBitOutputTests.h; path = IDAPCoursesHomework/task4/TYVValueBitOutputTests.h; sourceTree = "<group>"; };
		5AFD2A1C1A9E0F97007EFFB5 /* TYVHumanStruct.c */ = {isa = PBXFileReference; fileEncoding = 4; lastKnownFileType = sourcecode.c.c; path = TYVHumanStruct.c; sourceTree = "<group>"; };
		5AFD2A1D1A9E0F97007EFFB5 /* TYVHumanStruct.h */ = {isa = PBXFileReference; fileEncoding = 4; lastKnownFileType = sourcecode.c.h; path = TYVHumanStruct.h; sourceTree = "<group>"; };
		5AFD2A1E1A9E0F97007EFFB5 /* TYVName.c */ = {isa = PBXFileReference; fileEncoding = 4; lastKnownFileType = sourcecode.c.c; path = TYVName.c; sourceTree = "<group>"; };
		5AFD2A1F1A9E0F97007EFFB5 /* TYVName.h */ = {isa = PBXFileReference; fileEncoding = 4; lastKnownFileType = sourcecode.c.h; path = TYVName.h; sourceTree = "<group>"; };
		5AFD2A211A9E0F97007EFFB5 /* TYVHuman.c */ = {isa = PBXFileReference; fileEncoding = 4; lastKnownFileType = sourcecode.c.c; path = TYVHuman.c; sourceTree = "<group>"; };
		5AFD2A221A9E0F97007EFFB5 /* TYVHuman.h */ = {isa = PBXFileReference; fileEncoding = 4; lastKnownFileType = sourcecode.c.h; path = TYVHuman.h; sourceTree = "<group>"; };
		5AFD2A231A9E0F97007EFFB5 /* TYVHumanTests.c */ = {isa = PBXFileReference; fileEncoding = 4; lastKnownFileType = sourcecode.c.c; path = TYVHumanTests.c; sourceTree = "<group>"; };
		5AFD2A241A9E0F97007EFFB5 /* TYVHumanTests.h */ = {isa = PBXFileReference; fileEncoding = 4; lastKnownFileType = sourcecode.c.h; path = TYVHumanTests.h; sourceTree = "<group>"; };
		5AFD2A261A9E0F97007EFFB5 /* TYVString.c */ = {isa = PBXFileReference; fileEncoding = 4; lastKnownFileType = sourcecode.c.c; path = TYVString.c; sourceTree = "<group>"; };
		5AFD2A271A9E0F97007EFFB5 /* TYVString.h */ = {isa = PBXFileReference; fileEncoding = 4; lastKnownFileType = sourcecode.c.h; path = TYVString.h; sourceTree = "<group>"; };
		5AFD2A281A9E0F97007EFFB5 /* TYVStringTests.c */ = {isa = PBXFileReference; fileEncoding = 4; lastKnownFileType = sourcecode.c.c; path = TYVStringTests.c; sourceTree = "<group>"; };
		5AFD2A291A9E0F97007EFFB5 /* TYVStringTests.h */ = {isa = PBXFileReference; fileEncoding = 4; lastKnownFileType = sourcecode.c.h; path = TYVStringTests.h; sourceTree = "<group>"; };
		72A35046EC6CA2E040DA0BC6 /* Pods-ObjCTests.release.xcconfig */ = {isa = PBXFileReference; includeInIndex = 1; lastKnownFileType = text.xcconfig; name = "Pods-ObjCTests.release.xcconfig"; path = "Pods/Target Support Files/Pods-ObjCTests/Pods-ObjCTests.release.xcconfig"; sourceTree = "<group>"; };
/* End PBXFileReference section */

/* Begin PBXFrameworksBuildPhase section */
		5AAB27AD1AEAAAE60014D965 /* Frameworks */ = {
			isa = PBXFrameworksBuildPhase;
			buildActionMask = 2147483647;
			files = (
				D01D203476F540403AE46079 /* libPods-ObjCTests.a in Frameworks */,
			);
			runOnlyForDeploymentPostprocessing = 0;
		};
		5AACA1381AD6804700DEE7EF /* Frameworks */ = {
			isa = PBXFrameworksBuildPhase;
			buildActionMask = 2147483647;
			files = (
			);
			runOnlyForDeploymentPostprocessing = 0;
		};
		5ABCB6DC1A8CD25B00CD71E2 /* Frameworks */ = {
			isa = PBXFrameworksBuildPhase;
			buildActionMask = 2147483647;
			files = (
			);
			runOnlyForDeploymentPostprocessing = 0;
		};
/* End PBXFrameworksBuildPhase section */

/* Begin PBXGroup section */
		5A2F2C871AB6F1D900BBF458 /* TYVPropertySetters */ = {
			isa = PBXGroup;
			children = (
				5A2F2C841AB6F19C00BBF458 /* TYVPropertySetters.c */,
				5A2F2C851AB6F19C00BBF458 /* TYVPropertySetters.h */,
			);
			name = TYVPropertySetters;
			sourceTree = "<group>";
		};
		5A302C891AC17D0B00E784ED /* task6 */ = {
			isa = PBXGroup;
			children = (
				5A302C901AC17D4900E784ED /* TYVStack */,
				5A45A7E31AC427DA007FAB8F /* TYVLinkedListNode */,
				5A45A7E71AC42B9F007FAB8F /* TYVLinkedList */,
				5A33B5181AC6F81B002591DE /* TYVLinkedListEnumerator */,
				5A5647BB1ACD49C800177C10 /* TYVAutoreleasePool */,
			);
			name = task6;
			sourceTree = "<group>";
		};
		5A302C901AC17D4900E784ED /* TYVStack */ = {
			isa = PBXGroup;
			children = (
				5A302C911AC193B400E784ED /* TYVStackTest.c */,
				5A302C921AC193B400E784ED /* TYVStackTest.h */,
				5AF30FB71AC2CE10000D40E9 /* TYVAutoReleaseStack.c */,
				5AF30FB81AC2CE10000D40E9 /* TYVAutoReleaseStack.h */,
			);
			name = TYVStack;
			sourceTree = "<group>";
		};
		5A33B5181AC6F81B002591DE /* TYVLinkedListEnumerator */ = {
			isa = PBXGroup;
			children = (
				5A33B5151AC6F817002591DE /* TYVLinkedListEnumerator.c */,
				5A33B5161AC6F817002591DE /* TYVLinkedListEnumerator.h */,
				5A33B51A1AC700A0002591DE /* TYVLinkedListEnumeratorPrivate.h */,
			);
			name = TYVLinkedListEnumerator;
			sourceTree = "<group>";
		};
		5A365D811AF7941500DEAAE3 /* TYVRange */ = {
			isa = PBXGroup;
			children = (
				5A365D7D1AF7940E00DEAAE3 /* TYVRange.h */,
				5A365D7E1AF7940E00DEAAE3 /* TYVRange.m */,
			);
			name = TYVRange;
			sourceTree = "<group>";
		};
		5A45A7E31AC427DA007FAB8F /* TYVLinkedListNode */ = {
			isa = PBXGroup;
			children = (
				5A45A7E01AC41FDF007FAB8F /* TYVLinkedListNode.c */,
				5A45A7E11AC41FDF007FAB8F /* TYVLinkedListNode.h */,
				5A33B51B1AC71DAD002591DE /* TYVLinkedListNodeTests.c */,
				5A33B51C1AC71DAD002591DE /* TYVLinkedListNodeTests.h */,
			);
			name = TYVLinkedListNode;
			sourceTree = "<group>";
		};
		5A45A7E71AC42B9F007FAB8F /* TYVLinkedList */ = {
			isa = PBXGroup;
			children = (
				5A45A7E41AC42B9A007FAB8F /* TYVLinkedList.c */,
				5A45A7E51AC42B9A007FAB8F /* TYVLinkedList.h */,
				5A33B5191AC6FE3B002591DE /* TYVLinkedListPrivate.h */,
				5A33B51E1AC7350C002591DE /* TYVLinkedListTests.c */,
				5A33B51F1AC7350C002591DE /* TYVLinkedListTests.h */,
			);
			name = TYVLinkedList;
			sourceTree = "<group>";
		};
		5A51A9C81AA095F9003CC905 /* TYVObject */ = {
			isa = PBXGroup;
			children = (
				5A51A9C51AA095F3003CC905 /* TYVObject.c */,
				5A51A9C61AA095F3003CC905 /* TYVObject.h */,
			);
			name = TYVObject;
			sourceTree = "<group>";
		};
		5A5201DF1AB325A000D2C6EE /* TYVUniversalSetters */ = {
			isa = PBXGroup;
			children = (
				5A5201DC1AB3259B00D2C6EE /* TYVUniversalSetters.c */,
				5A5201DD1AB3259B00D2C6EE /* TYVUniversalSetters.h */,
			);
			name = TYVUniversalSetters;
			sourceTree = "<group>";
		};
		5A5647BB1ACD49C800177C10 /* TYVAutoreleasePool */ = {
			isa = PBXGroup;
			children = (
				5A5647B81ACD49C400177C10 /* TYVAutoreleasePool.c */,
				5A5647B91ACD49C400177C10 /* TYVAutoreleasePool.h */,
				5A90177C1AD066AF009DBFE9 /* TYVAutoreleasePoolTests.c */,
				5A90177D1AD066AF009DBFE9 /* TYVAutoreleasePoolTests.h */,
			);
			name = TYVAutoreleasePool;
			sourceTree = "<group>";
		};
		5A5BF99C1AADF4B800388CA8 /* TYVArrayList */ = {
			isa = PBXGroup;
			children = (
				5A5BF9991AADF4AE00388CA8 /* TYVArrayList.c */,
				5A5BF99A1AADF4AE00388CA8 /* TYVArrayList.h */,
				5A5BF99D1AADF92800388CA8 /* TYVArrayListTests.c */,
				5A5BF99E1AADF92800388CA8 /* TYVArrayListTests.h */,
			);
			name = TYVArrayList;
			sourceTree = "<group>";
		};
		5A6691AA1AEBCE160082F749 /* TYVEmployeesPool */ = {
			isa = PBXGroup;
			children = (
				5A6691A61AEBCE110082F749 /* TYVEmployeesPool.h */,
				5A6691A71AEBCE110082F749 /* TYVEmployeesPool.m */,
			);
			name = TYVEmployeesPool;
			sourceTree = "<group>";
		};
		5A6691AD1AEBE8C50082F749 /* TYVEmployeesPoolSpec */ = {
			isa = PBXGroup;
			children = (
				5A6691AB1AEBE8C00082F749 /* TYVEmployeesPoolSpec.m */,
			);
			name = TYVEmployeesPoolSpec;
			sourceTree = "<group>";
		};
		5A73B5A71AEAB3BE002B31AF /* TYVMoneyKeeperSpec */ = {
			isa = PBXGroup;
			children = (
				5A73B5A51AEAB3B9002B31AF /* TYVMoneyKeeperSpec.m */,
			);
			name = TYVMoneyKeeperSpec;
			sourceTree = "<group>";
		};
		5AAB27B11AEAAAE60014D965 /* ObjCTests */ = {
			isa = PBXGroup;
			children = (
				5AAB280E1AEAB23A0014D965 /* Spec */,
				5AAB27B21AEAAAE60014D965 /* Supporting Files */,
			);
			path = ObjCTests;
			sourceTree = "<group>";
		};
		5AAB27B21AEAAAE60014D965 /* Supporting Files */ = {
			isa = PBXGroup;
			children = (
				5AAB27B31AEAAAE60014D965 /* Info.plist */,
			);
			name = "Supporting Files";
			sourceTree = "<group>";
		};
		5AAB27B91AEAB1080014D965 /* Source */ = {
			isa = PBXGroup;
			children = (
				5AAB27BA1AEAB1080014D965 /* TYVBeing */,
				5AAB27BD1AEAB1080014D965 /* TYVCarwash */,
				5AAB27DF1AEAB1080014D965 /* TYVFemaleBeing */,
				5AAB27E21AEAB1080014D965 /* TYVMaleBeing */,
				5AAB27E51AEAB1080014D965 /* TYVMoneyKeeper */,
				5AAB27E81AEAB1080014D965 /* TYVNSDecimalNumberExtensions */,
				5AAB27EB1AEAB1080014D965 /* TYVNSObjectExtensions */,
				5ACB6C711AF23CC100A622C4 /* NSString+TYVExtensions */,
				5A365D811AF7941500DEAAE3 /* TYVRange */,
			);
			path = Source;
			sourceTree = "<group>";
		};
		5AAB27BA1AEAB1080014D965 /* TYVBeing */ = {
			isa = PBXGroup;
			children = (
				5AAB27BB1AEAB1080014D965 /* TYVBeing.h */,
				5AAB27BC1AEAB1080014D965 /* TYVBeing.m */,
			);
			path = TYVBeing;
			sourceTree = "<group>";
		};
		5AAB27BD1AEAB1080014D965 /* TYVCarwash */ = {
			isa = PBXGroup;
			children = (
				5AAB27BE1AEAB1080014D965 /* TYVBuildings */,
				5AAB27C51AEAB1080014D965 /* TYVCar */,
				5AAB27C81AEAB1080014D965 /* TYVCarwashEnterprise */,
				5AAB27CB1AEAB1080014D965 /* TYVEmployees */,
				5AAB27D81AEAB1080014D965 /* TYVRooms */,
			);
			path = TYVCarwash;
			sourceTree = "<group>";
		};
		5AAB27BE1AEAB1080014D965 /* TYVBuildings */ = {
			isa = PBXGroup;
			children = (
				5AAB27BF1AEAB1080014D965 /* TYVBuilding */,
				5AAB27C21AEAB1080014D965 /* TYVCarwashBuilding */,
			);
			path = TYVBuildings;
			sourceTree = "<group>";
		};
		5AAB27BF1AEAB1080014D965 /* TYVBuilding */ = {
			isa = PBXGroup;
			children = (
				5AAB27C01AEAB1080014D965 /* TYVBuilding.h */,
				5AAB27C11AEAB1080014D965 /* TYVBuilding.m */,
			);
			path = TYVBuilding;
			sourceTree = "<group>";
		};
		5AAB27C21AEAB1080014D965 /* TYVCarwashBuilding */ = {
			isa = PBXGroup;
			children = (
				5AAB27C31AEAB1080014D965 /* TYVCarwashBuilding.h */,
				5AAB27C41AEAB1080014D965 /* TYVCarwashBuilding.m */,
			);
			path = TYVCarwashBuilding;
			sourceTree = "<group>";
		};
		5AAB27C51AEAB1080014D965 /* TYVCar */ = {
			isa = PBXGroup;
			children = (
				5AAB27C61AEAB1080014D965 /* TYVCar.h */,
				5AAB27C71AEAB1080014D965 /* TYVCar.m */,
			);
			path = TYVCar;
			sourceTree = "<group>";
		};
		5AAB27C81AEAB1080014D965 /* TYVCarwashEnterprise */ = {
			isa = PBXGroup;
			children = (
				5AAB27C91AEAB1080014D965 /* TYVCarwashEnterprise.h */,
				5AAB27CA1AEAB1080014D965 /* TYVCarwashEnterprise.m */,
			);
			path = TYVCarwashEnterprise;
			sourceTree = "<group>";
		};
		5AAB27CB1AEAB1080014D965 /* TYVEmployees */ = {
			isa = PBXGroup;
			children = (
				5AAB27CC1AEAB1080014D965 /* TYVEmployee */,
				5AAB27CF1AEAB1080014D965 /* TYVEmployeeAccountant */,
				5AAB27D21AEAB1080014D965 /* TYVEmployeeDirector */,
				5AAB27D51AEAB1080014D965 /* TYVEmployeeWasher */,
				5A6691AA1AEBCE160082F749 /* TYVEmployeesPool */,
			);
			path = TYVEmployees;
			sourceTree = "<group>";
		};
		5AAB27CC1AEAB1080014D965 /* TYVEmployee */ = {
			isa = PBXGroup;
			children = (
				5AAB27CD1AEAB1080014D965 /* TYVEmployee.h */,
				5AAB27CE1AEAB1080014D965 /* TYVEmployee.m */,
			);
			path = TYVEmployee;
			sourceTree = "<group>";
		};
		5AAB27CF1AEAB1080014D965 /* TYVEmployeeAccountant */ = {
			isa = PBXGroup;
			children = (
				5AAB27D01AEAB1080014D965 /* TYVAccountant.h */,
				5AAB27D11AEAB1080014D965 /* TYVAccountant.m */,
			);
			path = TYVEmployeeAccountant;
			sourceTree = "<group>";
		};
		5AAB27D21AEAB1080014D965 /* TYVEmployeeDirector */ = {
			isa = PBXGroup;
			children = (
				5AAB27D31AEAB1080014D965 /* TYVDirector.h */,
				5AAB27D41AEAB1080014D965 /* TYVDirector.m */,
			);
			path = TYVEmployeeDirector;
			sourceTree = "<group>";
		};
		5AAB27D51AEAB1080014D965 /* TYVEmployeeWasher */ = {
			isa = PBXGroup;
			children = (
				5AAB27D61AEAB1080014D965 /* TYVWasher.h */,
				5AAB27D71AEAB1080014D965 /* TYVWasher.m */,
			);
			path = TYVEmployeeWasher;
			sourceTree = "<group>";
		};
		5AAB27D81AEAB1080014D965 /* TYVRooms */ = {
			isa = PBXGroup;
			children = (
				5AAB27D91AEAB1080014D965 /* TYVCarwashRoom */,
				5AAB27DC1AEAB1080014D965 /* TYVRoom */,
			);
			path = TYVRooms;
			sourceTree = "<group>";
		};
		5AAB27D91AEAB1080014D965 /* TYVCarwashRoom */ = {
			isa = PBXGroup;
			children = (
				5AAB27DA1AEAB1080014D965 /* TYVCarwashRoom.h */,
				5AAB27DB1AEAB1080014D965 /* TYVCarwashRoom.m */,
			);
			path = TYVCarwashRoom;
			sourceTree = "<group>";
		};
		5AAB27DC1AEAB1080014D965 /* TYVRoom */ = {
			isa = PBXGroup;
			children = (
				5AAB27DD1AEAB1080014D965 /* TYVRoom.h */,
				5AAB27DE1AEAB1080014D965 /* TYVRoom.m */,
			);
			path = TYVRoom;
			sourceTree = "<group>";
		};
		5AAB27DF1AEAB1080014D965 /* TYVFemaleBeing */ = {
			isa = PBXGroup;
			children = (
				5AAB27E01AEAB1080014D965 /* TYVFemaleBeing.h */,
				5AAB27E11AEAB1080014D965 /* TYVFemaleBeing.m */,
			);
			path = TYVFemaleBeing;
			sourceTree = "<group>";
		};
		5AAB27E21AEAB1080014D965 /* TYVMaleBeing */ = {
			isa = PBXGroup;
			children = (
				5AAB27E31AEAB1080014D965 /* TYVMaleBeing.h */,
				5AAB27E41AEAB1080014D965 /* TYVMaleBeing.m */,
			);
			path = TYVMaleBeing;
			sourceTree = "<group>";
		};
		5AAB27E51AEAB1080014D965 /* TYVMoneyKeeper */ = {
			isa = PBXGroup;
			children = (
				5AAB27E61AEAB1080014D965 /* TYVMoneyKeeper.h */,
				5AAB27E71AEAB1080014D965 /* TYVMoneyKeeper.m */,
			);
			name = TYVMoneyKeeper;
			path = TYVMoneyFlow;
			sourceTree = "<group>";
		};
		5AAB27E81AEAB1080014D965 /* TYVNSDecimalNumberExtensions */ = {
			isa = PBXGroup;
			children = (
				5AAB27E91AEAB1080014D965 /* NSDecimalNumber+TYVNSDecimalNumberExtensions.h */,
				5AAB27EA1AEAB1080014D965 /* NSDecimalNumber+TYVNSDecimalNumberExtensions.m */,
			);
			path = TYVNSDecimalNumberExtensions;
			sourceTree = "<group>";
		};
		5AAB27EB1AEAB1080014D965 /* TYVNSObjectExtensions */ = {
			isa = PBXGroup;
			children = (
				5AAB27EC1AEAB1080014D965 /* NSObject+TYVNSObjectExtensions.h */,
				5AAB27ED1AEAB1080014D965 /* NSObject+TYVNSObjectExtensions.m */,
			);
			path = TYVNSObjectExtensions;
			sourceTree = "<group>";
		};
		5AAB280E1AEAB23A0014D965 /* Spec */ = {
			isa = PBXGroup;
			children = (
				5A73B5A71AEAB3BE002B31AF /* TYVMoneyKeeperSpec */,
				5A6691AD1AEBE8C50082F749 /* TYVEmployeesPoolSpec */,
				5ACB6C741AF2425A00A622C4 /* NSString+TYVExtensionsSpec */,
			);
			path = Spec;
			sourceTree = "<group>";
		};
		5AACA13C1AD6804700DEE7EF /* TYVObjCHomework */ = {
			isa = PBXGroup;
			children = (
				5AAB27B91AEAB1080014D965 /* Source */,
				5AACA13D1AD6804700DEE7EF /* main.m */,
			);
			path = TYVObjCHomework;
			sourceTree = "<group>";
		};
		5AADBF3D1AA487AD00B29A88 /* TYVArray */ = {
			isa = PBXGroup;
			children = (
				5AADBF3A1AA487A600B29A88 /* TYVArray.c */,
				5AADBF3B1AA487A600B29A88 /* TYVArray.h */,
			);
			name = TYVArray;
			sourceTree = "<group>";
		};
		5ABCB6D61A8CD25B00CD71E2 = {
			isa = PBXGroup;
			children = (
				5ABCB6E11A8CD25B00CD71E2 /* IDAPCoursesHomework */,
				5AACA13C1AD6804700DEE7EF /* TYVObjCHomework */,
				5AAB27B11AEAAAE60014D965 /* ObjCTests */,
				5ABCB6E01A8CD25B00CD71E2 /* Products */,
				931DC55C708058ED564D445D /* Pods */,
				AD55044F082FE1C4C14DB198 /* Frameworks */,
			);
			sourceTree = "<group>";
		};
		5ABCB6E01A8CD25B00CD71E2 /* Products */ = {
			isa = PBXGroup;
			children = (
				5ABCB6DF1A8CD25B00CD71E2 /* IDAPCoursesHomework */,
				5AACA13B1AD6804700DEE7EF /* TYVObjCHomework */,
				5AAB27B01AEAAAE60014D965 /* ObjCTests.xctest */,
			);
			name = Products;
			sourceTree = "<group>";
		};
		5ABCB6E11A8CD25B00CD71E2 /* IDAPCoursesHomework */ = {
			isa = PBXGroup;
			children = (
				5ABCB6E21A8CD25B00CD71E2 /* main.c */,
				5AFD29FE1A9DE191007EFFB5 /* task1 */,
				5AFD2A0C1A9DE2F5007EFFB5 /* task3 */,
				5AFD2A191A9E0E9F007EFFB5 /* task4 */,
				5AFD2A1A1A9E0F97007EFFB5 /* task5 */,
				5A302C891AC17D0B00E784ED /* task6 */,
			);
			path = IDAPCoursesHomework;
			sourceTree = "<group>";
		};
		5ACB6C711AF23CC100A622C4 /* NSString+TYVExtensions */ = {
			isa = PBXGroup;
			children = (
				5ACB6C6D1AF23CB000A622C4 /* NSString+TYVExtensions.h */,
				5ACB6C6E1AF23CB000A622C4 /* NSString+TYVExtensions.m */,
			);
			name = "NSString+TYVExtensions";
			sourceTree = "<group>";
		};
		5ACB6C741AF2425A00A622C4 /* NSString+TYVExtensionsSpec */ = {
			isa = PBXGroup;
			children = (
				5ACB6C721AF241C600A622C4 /* NSString+TYVExtensionsSpec.m */,
			);
			name = "NSString+TYVExtensionsSpec";
			sourceTree = "<group>";
		};
		5AF089811ABC4569008BF7C9 /* TYVRange */ = {
			isa = PBXGroup;
			children = (
				5AF0897E1ABC4562008BF7C9 /* TYVRange.c */,
				5AF0897F1ABC4562008BF7C9 /* TYVRange.h */,
			);
			name = TYVRange;
			sourceTree = "<group>";
		};
		5AFD29FE1A9DE191007EFFB5 /* task1 */ = {
			isa = PBXGroup;
			children = (
				5AFD29F81A9DE189007EFFB5 /* TYVMultiples.c */,
				5AFD29F91A9DE189007EFFB5 /* TYVMultiples.h */,
				5AFD29FA1A9DE189007EFFB5 /* TYVMultiplesTests.c */,
				5AFD29FB1A9DE189007EFFB5 /* TYVMultiplesTests.h */,
			);
			name = task1;
			path = ..;
			sourceTree = "<group>";
		};
		5AFD2A0C1A9DE2F5007EFFB5 /* task3 */ = {
			isa = PBXGroup;
			children = (
				5AFD2A061A9DE2EC007EFFB5 /* TYVStructure.c */,
				5AFD2A071A9DE2EC007EFFB5 /* TYVStructure.h */,
				5AFD2A081A9DE2EC007EFFB5 /* TYVStructureTests.c */,
				5AFD2A091A9DE2EC007EFFB5 /* TYVStructureTests.h */,
			);
			name = task3;
			path = ..;
			sourceTree = "<group>";
		};
		5AFD2A191A9E0E9F007EFFB5 /* task4 */ = {
			isa = PBXGroup;
			children = (
				5AFD2A0D1A9E0E98007EFFB5 /* TYVBitReverse.c */,
				5AFD2A0E1A9E0E98007EFFB5 /* TYVBitReverse.h */,
				5AFD2A0F1A9E0E98007EFFB5 /* TYVEndian.c */,
				5AFD2A101A9E0E98007EFFB5 /* TYVEndian.h */,
				5AFD2A111A9E0E98007EFFB5 /* TYVValueBitOutput.c */,
				5AFD2A121A9E0E98007EFFB5 /* TYVValueBitOutput.h */,
				5AFD2A131A9E0E98007EFFB5 /* TYVValueBitOutputTests.c */,
				5AFD2A141A9E0E98007EFFB5 /* TYVValueBitOutputTests.h */,
			);
			name = task4;
			path = ..;
			sourceTree = "<group>";
		};
		5AFD2A1A1A9E0F97007EFFB5 /* task5 */ = {
			isa = PBXGroup;
			children = (
				5AFD2A1B1A9E0F97007EFFB5 /* Old */,
				5AFD2A201A9E0F97007EFFB5 /* TYVHuman */,
				5AFD2A251A9E0F97007EFFB5 /* TYVString */,
				5A51A9C81AA095F9003CC905 /* TYVObject */,
				5AADBF3D1AA487AD00B29A88 /* TYVArray */,
				5A5BF99C1AADF4B800388CA8 /* TYVArrayList */,
				5A5201DF1AB325A000D2C6EE /* TYVUniversalSetters */,
				5A2F2C871AB6F1D900BBF458 /* TYVPropertySetters */,
				5AF089811ABC4569008BF7C9 /* TYVRange */,
			);
			path = task5;
			sourceTree = "<group>";
		};
		5AFD2A1B1A9E0F97007EFFB5 /* Old */ = {
			isa = PBXGroup;
			children = (
				5AFD2A1C1A9E0F97007EFFB5 /* TYVHumanStruct.c */,
				5AFD2A1D1A9E0F97007EFFB5 /* TYVHumanStruct.h */,
				5AFD2A1E1A9E0F97007EFFB5 /* TYVName.c */,
				5AFD2A1F1A9E0F97007EFFB5 /* TYVName.h */,
			);
			path = Old;
			sourceTree = "<group>";
		};
		5AFD2A201A9E0F97007EFFB5 /* TYVHuman */ = {
			isa = PBXGroup;
			children = (
				5AFD2A211A9E0F97007EFFB5 /* TYVHuman.c */,
				5AFD2A221A9E0F97007EFFB5 /* TYVHuman.h */,
				5AFD2A231A9E0F97007EFFB5 /* TYVHumanTests.c */,
				5AFD2A241A9E0F97007EFFB5 /* TYVHumanTests.h */,
			);
			path = TYVHuman;
			sourceTree = "<group>";
		};
		5AFD2A251A9E0F97007EFFB5 /* TYVString */ = {
			isa = PBXGroup;
			children = (
				5AFD2A261A9E0F97007EFFB5 /* TYVString.c */,
				5AFD2A271A9E0F97007EFFB5 /* TYVString.h */,
				5AFD2A281A9E0F97007EFFB5 /* TYVStringTests.c */,
				5AFD2A291A9E0F97007EFFB5 /* TYVStringTests.h */,
			);
			path = TYVString;
			sourceTree = "<group>";
		};
		931DC55C708058ED564D445D /* Pods */ = {
			isa = PBXGroup;
			children = (
				2F5F97864B37DCF8CF27373A /* Pods-ObjCTests.debug.xcconfig */,
				72A35046EC6CA2E040DA0BC6 /* Pods-ObjCTests.release.xcconfig */,
			);
			name = Pods;
			sourceTree = "<group>";
		};
		AD55044F082FE1C4C14DB198 /* Frameworks */ = {
			isa = PBXGroup;
			children = (
				2E18DF74D88AFA399F59002D /* libPods-ObjCTests.a */,
			);
			name = Frameworks;
			sourceTree = "<group>";
		};
/* End PBXGroup section */

/* Begin PBXNativeTarget section */
		5AAB27AF1AEAAAE60014D965 /* ObjCTests */ = {
			isa = PBXNativeTarget;
			buildConfigurationList = 5AAB27B81AEAAAE70014D965 /* Build configuration list for PBXNativeTarget "ObjCTests" */;
			buildPhases = (
				4AA29621AA22661FABA52FB8 /* Check Pods Manifest.lock */,
				5AAB27AC1AEAAAE60014D965 /* Sources */,
				5AAB27AD1AEAAAE60014D965 /* Frameworks */,
				5AAB27AE1AEAAAE60014D965 /* Resources */,
				F35AE34ED3DAA5BB260293B1 /* Copy Pods Resources */,
			);
			buildRules = (
			);
			dependencies = (
			);
			name = ObjCTests;
			productName = ObjCTests;
			productReference = 5AAB27B01AEAAAE60014D965 /* ObjCTests.xctest */;
			productType = "com.apple.product-type.bundle.unit-test";
		};
		5AACA13A1AD6804700DEE7EF /* TYVObjCHomework */ = {
			isa = PBXNativeTarget;
			buildConfigurationList = 5AACA13F1AD6804700DEE7EF /* Build configuration list for PBXNativeTarget "TYVObjCHomework" */;
			buildPhases = (
				5AACA1371AD6804700DEE7EF /* Sources */,
				5AACA1381AD6804700DEE7EF /* Frameworks */,
				5AACA1391AD6804700DEE7EF /* CopyFiles */,
			);
			buildRules = (
			);
			dependencies = (
			);
			name = TYVObjCHomework;
			productName = TYVObjCHomework;
			productReference = 5AACA13B1AD6804700DEE7EF /* TYVObjCHomework */;
			productType = "com.apple.product-type.tool";
		};
		5ABCB6DE1A8CD25B00CD71E2 /* IDAPCoursesHomework */ = {
			isa = PBXNativeTarget;
			buildConfigurationList = 5ABCB6E61A8CD25B00CD71E2 /* Build configuration list for PBXNativeTarget "IDAPCoursesHomework" */;
			buildPhases = (
				5ABCB6DB1A8CD25B00CD71E2 /* Sources */,
				5ABCB6DC1A8CD25B00CD71E2 /* Frameworks */,
				5ABCB6DD1A8CD25B00CD71E2 /* CopyFiles */,
			);
			buildRules = (
			);
			dependencies = (
			);
			name = IDAPCoursesHomework;
			productName = IDAPCoursesHomework;
			productReference = 5ABCB6DF1A8CD25B00CD71E2 /* IDAPCoursesHomework */;
			productType = "com.apple.product-type.tool";
		};
/* End PBXNativeTarget section */

/* Begin PBXProject section */
		5ABCB6D71A8CD25B00CD71E2 /* Project object */ = {
			isa = PBXProject;
			attributes = {
				LastUpgradeCheck = 0610;
				ORGANIZATIONNAME = YURII;
				TargetAttributes = {
					5AAB27AF1AEAAAE60014D965 = {
						CreatedOnToolsVersion = 6.2;
					};
					5AACA13A1AD6804700DEE7EF = {
						CreatedOnToolsVersion = 6.2;
					};
					5ABCB6DE1A8CD25B00CD71E2 = {
						CreatedOnToolsVersion = 6.1.1;
					};
				};
			};
			buildConfigurationList = 5ABCB6DA1A8CD25B00CD71E2 /* Build configuration list for PBXProject "IDAPCoursesHomework" */;
			compatibilityVersion = "Xcode 3.2";
			developmentRegion = English;
			hasScannedForEncodings = 0;
			knownRegions = (
				en,
			);
			mainGroup = 5ABCB6D61A8CD25B00CD71E2;
			productRefGroup = 5ABCB6E01A8CD25B00CD71E2 /* Products */;
			projectDirPath = "";
			projectRoot = "";
			targets = (
				5AACA13A1AD6804700DEE7EF /* TYVObjCHomework */,
				5ABCB6DE1A8CD25B00CD71E2 /* IDAPCoursesHomework */,
				5AAB27AF1AEAAAE60014D965 /* ObjCTests */,
			);
		};
/* End PBXProject section */

/* Begin PBXResourcesBuildPhase section */
		5AAB27AE1AEAAAE60014D965 /* Resources */ = {
			isa = PBXResourcesBuildPhase;
			buildActionMask = 2147483647;
			files = (
			);
			runOnlyForDeploymentPostprocessing = 0;
		};
/* End PBXResourcesBuildPhase section */

/* Begin PBXShellScriptBuildPhase section */
		4AA29621AA22661FABA52FB8 /* Check Pods Manifest.lock */ = {
			isa = PBXShellScriptBuildPhase;
			buildActionMask = 2147483647;
			files = (
			);
			inputPaths = (
			);
			name = "Check Pods Manifest.lock";
			outputPaths = (
			);
			runOnlyForDeploymentPostprocessing = 0;
			shellPath = /bin/sh;
			shellScript = "diff \"${PODS_ROOT}/../Podfile.lock\" \"${PODS_ROOT}/Manifest.lock\" > /dev/null\nif [[ $? != 0 ]] ; then\n    cat << EOM\nerror: The sandbox is not in sync with the Podfile.lock. Run 'pod install' or update your CocoaPods installation.\nEOM\n    exit 1\nfi\n";
			showEnvVarsInLog = 0;
		};
		F35AE34ED3DAA5BB260293B1 /* Copy Pods Resources */ = {
			isa = PBXShellScriptBuildPhase;
			buildActionMask = 2147483647;
			files = (
			);
			inputPaths = (
			);
			name = "Copy Pods Resources";
			outputPaths = (
			);
			runOnlyForDeploymentPostprocessing = 0;
			shellPath = /bin/sh;
			shellScript = "\"${SRCROOT}/Pods/Target Support Files/Pods-ObjCTests/Pods-ObjCTests-resources.sh\"\n";
			showEnvVarsInLog = 0;
		};
/* End PBXShellScriptBuildPhase section */

/* Begin PBXSourcesBuildPhase section */
		5AAB27AC1AEAAAE60014D965 /* Sources */ = {
			isa = PBXSourcesBuildPhase;
			buildActionMask = 2147483647;
			files = (
				5AAB27F71AEAB1080014D965 /* TYVCarwashEnterprise.m in Sources */,
				5A365D801AF7940E00DEAAE3 /* TYVRange.m in Sources */,
				5ACB6C701AF23CB000A622C4 /* NSString+TYVExtensions.m in Sources */,
				5AAB28091AEAB1080014D965 /* TYVMoneyKeeper.m in Sources */,
				5AAB28011AEAB1080014D965 /* TYVCarwashRoom.m in Sources */,
				5AAB27F51AEAB1080014D965 /* TYVCar.m in Sources */,
				5AAB27FD1AEAB1080014D965 /* TYVDirector.m in Sources */,
				5AAB28071AEAB1080014D965 /* TYVMaleBeing.m in Sources */,
				5AAB28031AEAB1080014D965 /* TYVRoom.m in Sources */,
				5AAB27FF1AEAB1080014D965 /* TYVWasher.m in Sources */,
				5AAB280B1AEAB1080014D965 /* NSDecimalNumber+TYVNSDecimalNumberExtensions.m in Sources */,
				5AAB27F31AEAB1080014D965 /* TYVCarwashBuilding.m in Sources */,
				5AAB27EF1AEAB1080014D965 /* TYVBeing.m in Sources */,
				5AAB27FB1AEAB1080014D965 /* TYVAccountant.m in Sources */,
				5AAB28051AEAB1080014D965 /* TYVFemaleBeing.m in Sources */,
				5A6691AC1AEBE8C00082F749 /* TYVEmployeesPoolSpec.m in Sources */,
				5A6691A91AEBCE110082F749 /* TYVEmployeesPool.m in Sources */,
				5AAB27F11AEAB1080014D965 /* TYVBuilding.m in Sources */,
				5A73B5A61AEAB3B9002B31AF /* TYVMoneyKeeperSpec.m in Sources */,
				5AAB27F91AEAB1080014D965 /* TYVEmployee.m in Sources */,
				5AAB280D1AEAB1080014D965 /* NSObject+TYVNSObjectExtensions.m in Sources */,
				5ACB6C731AF241C600A622C4 /* NSString+TYVExtensionsSpec.m in Sources */,
			);
			runOnlyForDeploymentPostprocessing = 0;
		};
		5AACA1371AD6804700DEE7EF /* Sources */ = {
			isa = PBXSourcesBuildPhase;
			buildActionMask = 2147483647;
			files = (
				5AAB27F61AEAB1080014D965 /* TYVCarwashEnterprise.m in Sources */,
				5AAB28081AEAB1080014D965 /* TYVMoneyKeeper.m in Sources */,
				5AAB28001AEAB1080014D965 /* TYVCarwashRoom.m in Sources */,
				5AAB27F41AEAB1080014D965 /* TYVCar.m in Sources */,
				5AAB27FC1AEAB1080014D965 /* TYVDirector.m in Sources */,
				5A365D7F1AF7940E00DEAAE3 /* TYVRange.m in Sources */,
				5AAB28061AEAB1080014D965 /* TYVMaleBeing.m in Sources */,
				5AAB28021AEAB1080014D965 /* TYVRoom.m in Sources */,
				5AAB27FE1AEAB1080014D965 /* TYVWasher.m in Sources */,
				5AACA13E1AD6804700DEE7EF /* main.m in Sources */,
				5AAB280A1AEAB1080014D965 /* NSDecimalNumber+TYVNSDecimalNumberExtensions.m in Sources */,
				5ACB6C6F1AF23CB000A622C4 /* NSString+TYVExtensions.m in Sources */,
				5AAB27F21AEAB1080014D965 /* TYVCarwashBuilding.m in Sources */,
				5AAB27EE1AEAB1080014D965 /* TYVBeing.m in Sources */,
				5AAB27FA1AEAB1080014D965 /* TYVAccountant.m in Sources */,
				5A6691A81AEBCE110082F749 /* TYVEmployeesPool.m in Sources */,
				5AAB28041AEAB1080014D965 /* TYVFemaleBeing.m in Sources */,
				5AAB27F01AEAB1080014D965 /* TYVBuilding.m in Sources */,
				5AAB27F81AEAB1080014D965 /* TYVEmployee.m in Sources */,
				5AAB280C1AEAB1080014D965 /* NSObject+TYVNSObjectExtensions.m in Sources */,
			);
			runOnlyForDeploymentPostprocessing = 0;
		};
		5ABCB6DB1A8CD25B00CD71E2 /* Sources */ = {
			isa = PBXSourcesBuildPhase;
			buildActionMask = 2147483647;
			files = (
				5A90177E1AD066AF009DBFE9 /* TYVAutoreleasePoolTests.c in Sources */,
				5A302C931AC193B400E784ED /* TYVStackTest.c in Sources */,
				5AFD2A2D1A9E0F97007EFFB5 /* TYVHumanTests.c in Sources */,
				5AFD2A161A9E0E98007EFFB5 /* TYVEndian.c in Sources */,
				5AF089801ABC4562008BF7C9 /* TYVRange.c in Sources */,
				5A5BF99B1AADF4AE00388CA8 /* TYVArrayList.c in Sources */,
				5AFD2A2F1A9E0F97007EFFB5 /* TYVStringTests.c in Sources */,
				5A45A7E21AC41FDF007FAB8F /* TYVLinkedListNode.c in Sources */,
				5AFD2A2A1A9E0F97007EFFB5 /* TYVHumanStruct.c in Sources */,
				5AFD2A181A9E0E98007EFFB5 /* TYVValueBitOutputTests.c in Sources */,
				5A2F2C861AB6F19C00BBF458 /* TYVPropertySetters.c in Sources */,
				5A51A9C71AA095F3003CC905 /* TYVObject.c in Sources */,
				5A5647BA1ACD49C400177C10 /* TYVAutoreleasePool.c in Sources */,
				5A45A7E61AC42B9A007FAB8F /* TYVLinkedList.c in Sources */,
				5AACA14A1AD682E400DEE7EF /* main.c in Sources */,
				5A33B5201AC7350C002591DE /* TYVLinkedListTests.c in Sources */,
				5AFD2A171A9E0E98007EFFB5 /* TYVValueBitOutput.c in Sources */,
				5AFD2A151A9E0E98007EFFB5 /* TYVBitReverse.c in Sources */,
				5AFD29FD1A9DE189007EFFB5 /* TYVMultiplesTests.c in Sources */,
				5A33B51D1AC71DAD002591DE /* TYVLinkedListNodeTests.c in Sources */,
				5AFD2A2E1A9E0F97007EFFB5 /* TYVString.c in Sources */,
				5AFD2A2C1A9E0F97007EFFB5 /* TYVHuman.c in Sources */,
				5A33B5171AC6F817002591DE /* TYVLinkedListEnumerator.c in Sources */,
				5AADBF3C1AA487A600B29A88 /* TYVArray.c in Sources */,
				5AFD29FC1A9DE189007EFFB5 /* TYVMultiples.c in Sources */,
				5A5BF99F1AADF92800388CA8 /* TYVArrayListTests.c in Sources */,
				5AF30FB91AC2CE10000D40E9 /* TYVAutoReleaseStack.c in Sources */,
				5A5201DE1AB3259B00D2C6EE /* TYVUniversalSetters.c in Sources */,
				5AFD2A2B1A9E0F97007EFFB5 /* TYVName.c in Sources */,
				5AFD2A0A1A9DE2EC007EFFB5 /* TYVStructure.c in Sources */,
				5AFD2A0B1A9DE2EC007EFFB5 /* TYVStructureTests.c in Sources */,
			);
			runOnlyForDeploymentPostprocessing = 0;
		};
/* End PBXSourcesBuildPhase section */

/* Begin XCBuildConfiguration section */
		5AAB27B61AEAAAE60014D965 /* Debug */ = {
			isa = XCBuildConfiguration;
			baseConfigurationReference = 2F5F97864B37DCF8CF27373A /* Pods-ObjCTests.debug.xcconfig */;
			buildSettings = {
				CLANG_ENABLE_OBJC_ARC = YES;
				COMBINE_HIDPI_IMAGES = YES;
				FRAMEWORK_SEARCH_PATHS = (
					"$(DEVELOPER_FRAMEWORKS_DIR)",
					"$(inherited)",
				);
				GCC_PREPROCESSOR_DEFINITIONS = (
					"DEBUG=1",
					"$(inherited)",
				);
				INFOPLIST_FILE = ObjCTests/Info.plist;
				LD_RUNPATH_SEARCH_PATHS = "$(inherited) @executable_path/../Frameworks @loader_path/../Frameworks";
				PRODUCT_NAME = "$(TARGET_NAME)";
			};
			name = Debug;
		};
		5AAB27B71AEAAAE60014D965 /* Release */ = {
			isa = XCBuildConfiguration;
			baseConfigurationReference = 72A35046EC6CA2E040DA0BC6 /* Pods-ObjCTests.release.xcconfig */;
			buildSettings = {
				CLANG_ENABLE_OBJC_ARC = YES;
				COMBINE_HIDPI_IMAGES = YES;
				COPY_PHASE_STRIP = NO;
				FRAMEWORK_SEARCH_PATHS = (
					"$(DEVELOPER_FRAMEWORKS_DIR)",
					"$(inherited)",
				);
				INFOPLIST_FILE = ObjCTests/Info.plist;
				LD_RUNPATH_SEARCH_PATHS = "$(inherited) @executable_path/../Frameworks @loader_path/../Frameworks";
				PRODUCT_NAME = "$(TARGET_NAME)";
			};
			name = Release;
		};
		5AACA1401AD6804700DEE7EF /* Debug */ = {
			isa = XCBuildConfiguration;
			buildSettings = {
				GCC_PREPROCESSOR_DEFINITIONS = (
					"DEBUG=1",
					"$(inherited)",
				);
				PRODUCT_NAME = "$(TARGET_NAME)";
			};
			name = Debug;
		};
		5AACA1411AD6804700DEE7EF /* Release */ = {
			isa = XCBuildConfiguration;
			buildSettings = {
				COPY_PHASE_STRIP = NO;
				PRODUCT_NAME = "$(TARGET_NAME)";
			};
			name = Release;
		};
		5ABCB6E41A8CD25B00CD71E2 /* Debug */ = {
			isa = XCBuildConfiguration;
			buildSettings = {
				ALWAYS_SEARCH_USER_PATHS = NO;
				CLANG_CXX_LANGUAGE_STANDARD = "gnu++0x";
				CLANG_CXX_LIBRARY = "libc++";
				CLANG_ENABLE_MODULES = YES;
				CLANG_ENABLE_OBJC_ARC = NO;
				CLANG_WARN_BOOL_CONVERSION = YES;
				CLANG_WARN_CONSTANT_CONVERSION = YES;
				CLANG_WARN_DIRECT_OBJC_ISA_USAGE = YES_ERROR;
				CLANG_WARN_EMPTY_BODY = YES;
				CLANG_WARN_ENUM_CONVERSION = YES;
				CLANG_WARN_INT_CONVERSION = YES;
				CLANG_WARN_OBJC_ROOT_CLASS = YES_ERROR;
				CLANG_WARN_UNREACHABLE_CODE = YES;
				CLANG_WARN__DUPLICATE_METHOD_MATCH = YES;
				COPY_PHASE_STRIP = NO;
				ENABLE_STRICT_OBJC_MSGSEND = YES;
				GCC_C_LANGUAGE_STANDARD = gnu99;
				GCC_DYNAMIC_NO_PIC = NO;
				GCC_OPTIMIZATION_LEVEL = 0;
				GCC_PREPROCESSOR_DEFINITIONS = (
					"DEBUG=1",
					"$(inherited)",
				);
				GCC_SYMBOLS_PRIVATE_EXTERN = NO;
				GCC_WARN_64_TO_32_BIT_CONVERSION = YES;
				GCC_WARN_ABOUT_RETURN_TYPE = YES_ERROR;
				GCC_WARN_UNDECLARED_SELECTOR = YES;
				GCC_WARN_UNINITIALIZED_AUTOS = YES_AGGRESSIVE;
				GCC_WARN_UNUSED_FUNCTION = YES;
				GCC_WARN_UNUSED_VARIABLE = YES;
				MACOSX_DEPLOYMENT_TARGET = 10.9;
				MTL_ENABLE_DEBUG_INFO = YES;
				ONLY_ACTIVE_ARCH = YES;
				SDKROOT = macosx;
			};
			name = Debug;
		};
		5ABCB6E51A8CD25B00CD71E2 /* Release */ = {
			isa = XCBuildConfiguration;
			buildSettings = {
				ALWAYS_SEARCH_USER_PATHS = NO;
				CLANG_CXX_LANGUAGE_STANDARD = "gnu++0x";
				CLANG_CXX_LIBRARY = "libc++";
				CLANG_ENABLE_MODULES = YES;
				CLANG_ENABLE_OBJC_ARC = NO;
				CLANG_WARN_BOOL_CONVERSION = YES;
				CLANG_WARN_CONSTANT_CONVERSION = YES;
				CLANG_WARN_DIRECT_OBJC_ISA_USAGE = YES_ERROR;
				CLANG_WARN_EMPTY_BODY = YES;
				CLANG_WARN_ENUM_CONVERSION = YES;
				CLANG_WARN_INT_CONVERSION = YES;
				CLANG_WARN_OBJC_ROOT_CLASS = YES_ERROR;
				CLANG_WARN_UNREACHABLE_CODE = YES;
				CLANG_WARN__DUPLICATE_METHOD_MATCH = YES;
				COPY_PHASE_STRIP = YES;
				DEBUG_INFORMATION_FORMAT = "dwarf-with-dsym";
				ENABLE_NS_ASSERTIONS = NO;
				ENABLE_STRICT_OBJC_MSGSEND = YES;
				GCC_C_LANGUAGE_STANDARD = gnu99;
				GCC_WARN_64_TO_32_BIT_CONVERSION = YES;
				GCC_WARN_ABOUT_RETURN_TYPE = YES_ERROR;
				GCC_WARN_UNDECLARED_SELECTOR = YES;
				GCC_WARN_UNINITIALIZED_AUTOS = YES_AGGRESSIVE;
				GCC_WARN_UNUSED_FUNCTION = YES;
				GCC_WARN_UNUSED_VARIABLE = YES;
				MACOSX_DEPLOYMENT_TARGET = 10.9;
				MTL_ENABLE_DEBUG_INFO = NO;
				SDKROOT = macosx;
			};
			name = Release;
		};
		5ABCB6E71A8CD25B00CD71E2 /* Debug */ = {
			isa = XCBuildConfiguration;
			buildSettings = {
				PRODUCT_NAME = "$(TARGET_NAME)";
			};
			name = Debug;
		};
		5ABCB6E81A8CD25B00CD71E2 /* Release */ = {
			isa = XCBuildConfiguration;
			buildSettings = {
				PRODUCT_NAME = "$(TARGET_NAME)";
			};
			name = Release;
		};
/* End XCBuildConfiguration section */

/* Begin XCConfigurationList section */
		5AAB27B81AEAAAE70014D965 /* Build configuration list for PBXNativeTarget "ObjCTests" */ = {
			isa = XCConfigurationList;
			buildConfigurations = (
				5AAB27B61AEAAAE60014D965 /* Debug */,
				5AAB27B71AEAAAE60014D965 /* Release */,
			);
			defaultConfigurationIsVisible = 0;
			defaultConfigurationName = Release;
		};
		5AACA13F1AD6804700DEE7EF /* Build configuration list for PBXNativeTarget "TYVObjCHomework" */ = {
			isa = XCConfigurationList;
			buildConfigurations = (
				5AACA1401AD6804700DEE7EF /* Debug */,
				5AACA1411AD6804700DEE7EF /* Release */,
			);
			defaultConfigurationIsVisible = 0;
			defaultConfigurationName = Release;
		};
		5ABCB6DA1A8CD25B00CD71E2 /* Build configuration list for PBXProject "IDAPCoursesHomework" */ = {
			isa = XCConfigurationList;
			buildConfigurations = (
				5ABCB6E41A8CD25B00CD71E2 /* Debug */,
				5ABCB6E51A8CD25B00CD71E2 /* Release */,
			);
			defaultConfigurationIsVisible = 0;
			defaultConfigurationName = Release;
		};
		5ABCB6E61A8CD25B00CD71E2 /* Build configuration list for PBXNativeTarget "IDAPCoursesHomework" */ = {
			isa = XCConfigurationList;
			buildConfigurations = (
				5ABCB6E71A8CD25B00CD71E2 /* Debug */,
				5ABCB6E81A8CD25B00CD71E2 /* Release */,
			);
			defaultConfigurationIsVisible = 0;
			defaultConfigurationName = Release;
		};
/* End XCConfigurationList section */
	};
	rootObject = 5ABCB6D71A8CD25B00CD71E2 /* Project object */;
}
