// !$*UTF8*$!
{
	archiveVersion = 1;
	classes = {
	};
	objectVersion = 46;
	objects = {

/* Begin PBXBuildFile section */
		5A2F2C861AB6F19C00BBF458 /* TYVPropertySetters.c in Sources */ = {isa = PBXBuildFile; fileRef = 5A2F2C841AB6F19C00BBF458 /* TYVPropertySetters.c */; };
		5A302C931AC193B400E784ED /* TYVStackTest.c in Sources */ = {isa = PBXBuildFile; fileRef = 5A302C911AC193B400E784ED /* TYVStackTest.c */; };
		5A320EE11ADC3CBB00E7A67B /* TYVMaleBeing.m in Sources */ = {isa = PBXBuildFile; fileRef = 5A320EE01ADC3CBB00E7A67B /* TYVMaleBeing.m */; };
		5A320EE51ADC3CF600E7A67B /* TYVFemaleBeing.m in Sources */ = {isa = PBXBuildFile; fileRef = 5A320EE41ADC3CF600E7A67B /* TYVFemaleBeing.m */; };
		5A320EE91ADC4A6100E7A67B /* NSObject+TYVNSObjectCategory.m in Sources */ = {isa = PBXBuildFile; fileRef = 5A320EE81ADC4A6100E7A67B /* NSObject+TYVNSObjectCategory.m */; };
		5A33B5171AC6F817002591DE /* TYVLinkedListEnumerator.c in Sources */ = {isa = PBXBuildFile; fileRef = 5A33B5151AC6F817002591DE /* TYVLinkedListEnumerator.c */; };
		5A33B51D1AC71DAD002591DE /* TYVLinkedListNodeTests.c in Sources */ = {isa = PBXBuildFile; fileRef = 5A33B51B1AC71DAD002591DE /* TYVLinkedListNodeTests.c */; };
		5A33B5201AC7350C002591DE /* TYVLinkedListTests.c in Sources */ = {isa = PBXBuildFile; fileRef = 5A33B51E1AC7350C002591DE /* TYVLinkedListTests.c */; };
		5A45A7E21AC41FDF007FAB8F /* TYVLinkedListNode.c in Sources */ = {isa = PBXBuildFile; fileRef = 5A45A7E01AC41FDF007FAB8F /* TYVLinkedListNode.c */; };
		5A45A7E61AC42B9A007FAB8F /* TYVLinkedList.c in Sources */ = {isa = PBXBuildFile; fileRef = 5A45A7E41AC42B9A007FAB8F /* TYVLinkedList.c */; };
		5A51A9C71AA095F3003CC905 /* TYVObject.c in Sources */ = {isa = PBXBuildFile; fileRef = 5A51A9C51AA095F3003CC905 /* TYVObject.c */; };
		5A5201DE1AB3259B00D2C6EE /* TYVUniversalSetters.c in Sources */ = {isa = PBXBuildFile; fileRef = 5A5201DC1AB3259B00D2C6EE /* TYVUniversalSetters.c */; };
		5A5647BA1ACD49C400177C10 /* TYVAutoreleasePool.c in Sources */ = {isa = PBXBuildFile; fileRef = 5A5647B81ACD49C400177C10 /* TYVAutoreleasePool.c */; };
		5A5BF99B1AADF4AE00388CA8 /* TYVArrayList.c in Sources */ = {isa = PBXBuildFile; fileRef = 5A5BF9991AADF4AE00388CA8 /* TYVArrayList.c */; };
		5A5BF99F1AADF92800388CA8 /* TYVArrayListTests.c in Sources */ = {isa = PBXBuildFile; fileRef = 5A5BF99D1AADF92800388CA8 /* TYVArrayListTests.c */; };
		5A90177E1AD066AF009DBFE9 /* TYVAutoreleasePoolTests.c in Sources */ = {isa = PBXBuildFile; fileRef = 5A90177C1AD066AF009DBFE9 /* TYVAutoreleasePoolTests.c */; };
		5AAAAC641AD833D8008E51AF /* TYVBeing.m in Sources */ = {isa = PBXBuildFile; fileRef = 5AAAAC631AD833D8008E51AF /* TYVBeing.m */; };
		5AACA13E1AD6804700DEE7EF /* main.m in Sources */ = {isa = PBXBuildFile; fileRef = 5AACA13D1AD6804700DEE7EF /* main.m */; };
		5AACA14A1AD682E400DEE7EF /* main.c in Sources */ = {isa = PBXBuildFile; fileRef = 5ABCB6E21A8CD25B00CD71E2 /* main.c */; };
		5AACA1541AD684C700DEE7EF /* TYVCar.m in Sources */ = {isa = PBXBuildFile; fileRef = 5AACA1531AD684C700DEE7EF /* TYVCar.m */; };
		5AACA1581AD6876E00DEE7EF /* TYVEngine.m in Sources */ = {isa = PBXBuildFile; fileRef = 5AACA1571AD6876E00DEE7EF /* TYVEngine.m */; };
		5AACA15C1AD69B2000DEE7EF /* TYVCar+TYVTimeCar.m in Sources */ = {isa = PBXBuildFile; fileRef = 5AACA15B1AD69B2000DEE7EF /* TYVCar+TYVTimeCar.m */; };
		5AADBF3C1AA487A600B29A88 /* TYVArray.c in Sources */ = {isa = PBXBuildFile; fileRef = 5AADBF3A1AA487A600B29A88 /* TYVArray.c */; };
		5AF089801ABC4562008BF7C9 /* TYVRange.c in Sources */ = {isa = PBXBuildFile; fileRef = 5AF0897E1ABC4562008BF7C9 /* TYVRange.c */; };
		5AF30FB91AC2CE10000D40E9 /* TYVAutoReleaseStack.c in Sources */ = {isa = PBXBuildFile; fileRef = 5AF30FB71AC2CE10000D40E9 /* TYVAutoReleaseStack.c */; };
		5AFD29FC1A9DE189007EFFB5 /* TYVMultiples.c in Sources */ = {isa = PBXBuildFile; fileRef = 5AFD29F81A9DE189007EFFB5 /* TYVMultiples.c */; };
		5AFD29FD1A9DE189007EFFB5 /* TYVMultiplesTests.c in Sources */ = {isa = PBXBuildFile; fileRef = 5AFD29FA1A9DE189007EFFB5 /* TYVMultiplesTests.c */; };
		5AFD2A0A1A9DE2EC007EFFB5 /* TYVStructure.c in Sources */ = {isa = PBXBuildFile; fileRef = 5AFD2A061A9DE2EC007EFFB5 /* TYVStructure.c */; };
		5AFD2A0B1A9DE2EC007EFFB5 /* TYVStructureTests.c in Sources */ = {isa = PBXBuildFile; fileRef = 5AFD2A081A9DE2EC007EFFB5 /* TYVStructureTests.c */; };
		5AFD2A151A9E0E98007EFFB5 /* TYVBitReverse.c in Sources */ = {isa = PBXBuildFile; fileRef = 5AFD2A0D1A9E0E98007EFFB5 /* TYVBitReverse.c */; };
		5AFD2A161A9E0E98007EFFB5 /* TYVEndian.c in Sources */ = {isa = PBXBuildFile; fileRef = 5AFD2A0F1A9E0E98007EFFB5 /* TYVEndian.c */; };
		5AFD2A171A9E0E98007EFFB5 /* TYVValueBitOutput.c in Sources */ = {isa = PBXBuildFile; fileRef = 5AFD2A111A9E0E98007EFFB5 /* TYVValueBitOutput.c */; };
		5AFD2A181A9E0E98007EFFB5 /* TYVValueBitOutputTests.c in Sources */ = {isa = PBXBuildFile; fileRef = 5AFD2A131A9E0E98007EFFB5 /* TYVValueBitOutputTests.c */; };
		5AFD2A2A1A9E0F97007EFFB5 /* TYVHumanStruct.c in Sources */ = {isa = PBXBuildFile; fileRef = 5AFD2A1C1A9E0F97007EFFB5 /* TYVHumanStruct.c */; };
		5AFD2A2B1A9E0F97007EFFB5 /* TYVName.c in Sources */ = {isa = PBXBuildFile; fileRef = 5AFD2A1E1A9E0F97007EFFB5 /* TYVName.c */; };
		5AFD2A2C1A9E0F97007EFFB5 /* TYVHuman.c in Sources */ = {isa = PBXBuildFile; fileRef = 5AFD2A211A9E0F97007EFFB5 /* TYVHuman.c */; };
		5AFD2A2D1A9E0F97007EFFB5 /* TYVHumanTests.c in Sources */ = {isa = PBXBuildFile; fileRef = 5AFD2A231A9E0F97007EFFB5 /* TYVHumanTests.c */; };
		5AFD2A2E1A9E0F97007EFFB5 /* TYVString.c in Sources */ = {isa = PBXBuildFile; fileRef = 5AFD2A261A9E0F97007EFFB5 /* TYVString.c */; };
		5AFD2A2F1A9E0F97007EFFB5 /* TYVStringTests.c in Sources */ = {isa = PBXBuildFile; fileRef = 5AFD2A281A9E0F97007EFFB5 /* TYVStringTests.c */; };
/* End PBXBuildFile section */

/* Begin PBXCopyFilesBuildPhase section */
		5AACA1391AD6804700DEE7EF /* CopyFiles */ = {
			isa = PBXCopyFilesBuildPhase;
			buildActionMask = 2147483647;
			dstPath = /usr/share/man/man1/;
			dstSubfolderSpec = 0;
			files = (
			);
			runOnlyForDeploymentPostprocessing = 1;
		};
		5ABCB6DD1A8CD25B00CD71E2 /* CopyFiles */ = {
			isa = PBXCopyFilesBuildPhase;
			buildActionMask = 2147483647;
			dstPath = /usr/share/man/man1/;
			dstSubfolderSpec = 0;
			files = (
			);
			runOnlyForDeploymentPostprocessing = 1;
		};
/* End PBXCopyFilesBuildPhase section */

/* Begin PBXFileReference section */
		5A2F2C841AB6F19C00BBF458 /* TYVPropertySetters.c */ = {isa = PBXFileReference; fileEncoding = 4; lastKnownFileType = sourcecode.c.c; name = TYVPropertySetters.c; path = TYVPropertySetters/TYVPropertySetters.c; sourceTree = "<group>"; };
		5A2F2C851AB6F19C00BBF458 /* TYVPropertySetters.h */ = {isa = PBXFileReference; fileEncoding = 4; lastKnownFileType = sourcecode.c.h; name = TYVPropertySetters.h; path = TYVPropertySetters/TYVPropertySetters.h; sourceTree = "<group>"; };
		5A302C911AC193B400E784ED /* TYVStackTest.c */ = {isa = PBXFileReference; fileEncoding = 4; lastKnownFileType = sourcecode.c.c; name = TYVStackTest.c; path = task6/TYVStack/TYVStackTest.c; sourceTree = "<group>"; };
		5A302C921AC193B400E784ED /* TYVStackTest.h */ = {isa = PBXFileReference; fileEncoding = 4; lastKnownFileType = sourcecode.c.h; name = TYVStackTest.h; path = task6/TYVStack/TYVStackTest.h; sourceTree = "<group>"; };
		5A320EDF1ADC3CBB00E7A67B /* TYVMaleBeing.h */ = {isa = PBXFileReference; fileEncoding = 4; lastKnownFileType = sourcecode.c.h; name = TYVMaleBeing.h; path = Source/TYVMaleBeing/TYVMaleBeing.h; sourceTree = "<group>"; };
		5A320EE01ADC3CBB00E7A67B /* TYVMaleBeing.m */ = {isa = PBXFileReference; fileEncoding = 4; lastKnownFileType = sourcecode.c.objc; name = TYVMaleBeing.m; path = Source/TYVMaleBeing/TYVMaleBeing.m; sourceTree = "<group>"; };
		5A320EE31ADC3CF600E7A67B /* TYVFemaleBeing.h */ = {isa = PBXFileReference; fileEncoding = 4; lastKnownFileType = sourcecode.c.h; name = TYVFemaleBeing.h; path = Source/TYVFemaleBeing/TYVFemaleBeing.h; sourceTree = "<group>"; };
		5A320EE41ADC3CF600E7A67B /* TYVFemaleBeing.m */ = {isa = PBXFileReference; fileEncoding = 4; lastKnownFileType = sourcecode.c.objc; name = TYVFemaleBeing.m; path = Source/TYVFemaleBeing/TYVFemaleBeing.m; sourceTree = "<group>"; };
		5A320EE71ADC4A6100E7A67B /* NSObject+TYVNSObjectCategory.h */ = {isa = PBXFileReference; fileEncoding = 4; lastKnownFileType = sourcecode.c.h; name = "NSObject+TYVNSObjectCategory.h"; path = "Source/TYVNSObjectCategory/NSObject+TYVNSObjectCategory.h"; sourceTree = "<group>"; };
		5A320EE81ADC4A6100E7A67B /* NSObject+TYVNSObjectCategory.m */ = {isa = PBXFileReference; fileEncoding = 4; lastKnownFileType = sourcecode.c.objc; name = "NSObject+TYVNSObjectCategory.m"; path = "Source/TYVNSObjectCategory/NSObject+TYVNSObjectCategory.m"; sourceTree = "<group>"; };
		5A33B5151AC6F817002591DE /* TYVLinkedListEnumerator.c */ = {isa = PBXFileReference; fileEncoding = 4; lastKnownFileType = sourcecode.c.c; name = TYVLinkedListEnumerator.c; path = task6/TYVLinkedListEnumerator/TYVLinkedListEnumerator.c; sourceTree = "<group>"; };
		5A33B5161AC6F817002591DE /* TYVLinkedListEnumerator.h */ = {isa = PBXFileReference; fileEncoding = 4; lastKnownFileType = sourcecode.c.h; name = TYVLinkedListEnumerator.h; path = task6/TYVLinkedListEnumerator/TYVLinkedListEnumerator.h; sourceTree = "<group>"; };
		5A33B5191AC6FE3B002591DE /* TYVLinkedListPrivate.h */ = {isa = PBXFileReference; fileEncoding = 4; lastKnownFileType = sourcecode.c.h; name = TYVLinkedListPrivate.h; path = task6/TYVLinkedList/TYVLinkedListPrivate.h; sourceTree = "<group>"; };
		5A33B51A1AC700A0002591DE /* TYVLinkedListEnumeratorPrivate.h */ = {isa = PBXFileReference; fileEncoding = 4; lastKnownFileType = sourcecode.c.h; name = TYVLinkedListEnumeratorPrivate.h; path = task6/TYVLinkedListEnumerator/TYVLinkedListEnumeratorPrivate.h; sourceTree = "<group>"; };
		5A33B51B1AC71DAD002591DE /* TYVLinkedListNodeTests.c */ = {isa = PBXFileReference; fileEncoding = 4; lastKnownFileType = sourcecode.c.c; name = TYVLinkedListNodeTests.c; path = task6/TYVLinkedListNode/TYVLinkedListNodeTests.c; sourceTree = "<group>"; };
		5A33B51C1AC71DAD002591DE /* TYVLinkedListNodeTests.h */ = {isa = PBXFileReference; fileEncoding = 4; lastKnownFileType = sourcecode.c.h; name = TYVLinkedListNodeTests.h; path = task6/TYVLinkedListNode/TYVLinkedListNodeTests.h; sourceTree = "<group>"; };
		5A33B51E1AC7350C002591DE /* TYVLinkedListTests.c */ = {isa = PBXFileReference; fileEncoding = 4; lastKnownFileType = sourcecode.c.c; name = TYVLinkedListTests.c; path = task6/TYVLinkedList/TYVLinkedListTests.c; sourceTree = "<group>"; };
		5A33B51F1AC7350C002591DE /* TYVLinkedListTests.h */ = {isa = PBXFileReference; fileEncoding = 4; lastKnownFileType = sourcecode.c.h; name = TYVLinkedListTests.h; path = task6/TYVLinkedList/TYVLinkedListTests.h; sourceTree = "<group>"; };
		5A45A7E01AC41FDF007FAB8F /* TYVLinkedListNode.c */ = {isa = PBXFileReference; fileEncoding = 4; lastKnownFileType = sourcecode.c.c; name = TYVLinkedListNode.c; path = task6/TYVLinkedListNode/TYVLinkedListNode.c; sourceTree = "<group>"; };
		5A45A7E11AC41FDF007FAB8F /* TYVLinkedListNode.h */ = {isa = PBXFileReference; fileEncoding = 4; lastKnownFileType = sourcecode.c.h; name = TYVLinkedListNode.h; path = task6/TYVLinkedListNode/TYVLinkedListNode.h; sourceTree = "<group>"; };
		5A45A7E41AC42B9A007FAB8F /* TYVLinkedList.c */ = {isa = PBXFileReference; fileEncoding = 4; lastKnownFileType = sourcecode.c.c; name = TYVLinkedList.c; path = task6/TYVLinkedList/TYVLinkedList.c; sourceTree = "<group>"; };
		5A45A7E51AC42B9A007FAB8F /* TYVLinkedList.h */ = {isa = PBXFileReference; fileEncoding = 4; lastKnownFileType = sourcecode.c.h; name = TYVLinkedList.h; path = task6/TYVLinkedList/TYVLinkedList.h; sourceTree = "<group>"; };
		5A51A9C51AA095F3003CC905 /* TYVObject.c */ = {isa = PBXFileReference; fileEncoding = 4; lastKnownFileType = sourcecode.c.c; name = TYVObject.c; path = TYVObject/TYVObject.c; sourceTree = "<group>"; };
		5A51A9C61AA095F3003CC905 /* TYVObject.h */ = {isa = PBXFileReference; fileEncoding = 4; lastKnownFileType = sourcecode.c.h; name = TYVObject.h; path = TYVObject/TYVObject.h; sourceTree = "<group>"; };
		5A5201DC1AB3259B00D2C6EE /* TYVUniversalSetters.c */ = {isa = PBXFileReference; fileEncoding = 4; lastKnownFileType = sourcecode.c.c; name = TYVUniversalSetters.c; path = TYVUniversalSetters/TYVUniversalSetters.c; sourceTree = "<group>"; };
		5A5201DD1AB3259B00D2C6EE /* TYVUniversalSetters.h */ = {isa = PBXFileReference; fileEncoding = 4; lastKnownFileType = sourcecode.c.h; name = TYVUniversalSetters.h; path = TYVUniversalSetters/TYVUniversalSetters.h; sourceTree = "<group>"; };
		5A5647B81ACD49C400177C10 /* TYVAutoreleasePool.c */ = {isa = PBXFileReference; fileEncoding = 4; lastKnownFileType = sourcecode.c.c; name = TYVAutoreleasePool.c; path = task6/TYVAutoreleasePool/TYVAutoreleasePool.c; sourceTree = "<group>"; };
		5A5647B91ACD49C400177C10 /* TYVAutoreleasePool.h */ = {isa = PBXFileReference; fileEncoding = 4; lastKnownFileType = sourcecode.c.h; name = TYVAutoreleasePool.h; path = task6/TYVAutoreleasePool/TYVAutoreleasePool.h; sourceTree = "<group>"; };
		5A5BF9991AADF4AE00388CA8 /* TYVArrayList.c */ = {isa = PBXFileReference; fileEncoding = 4; lastKnownFileType = sourcecode.c.c; name = TYVArrayList.c; path = TYVArrayList/TYVArrayList.c; sourceTree = "<group>"; };
		5A5BF99A1AADF4AE00388CA8 /* TYVArrayList.h */ = {isa = PBXFileReference; fileEncoding = 4; lastKnownFileType = sourcecode.c.h; name = TYVArrayList.h; path = TYVArrayList/TYVArrayList.h; sourceTree = "<group>"; };
		5A5BF99D1AADF92800388CA8 /* TYVArrayListTests.c */ = {isa = PBXFileReference; fileEncoding = 4; lastKnownFileType = sourcecode.c.c; name = TYVArrayListTests.c; path = TYVArrayList/TYVArrayListTests.c; sourceTree = "<group>"; };
		5A5BF99E1AADF92800388CA8 /* TYVArrayListTests.h */ = {isa = PBXFileReference; fileEncoding = 4; lastKnownFileType = sourcecode.c.h; name = TYVArrayListTests.h; path = TYVArrayList/TYVArrayListTests.h; sourceTree = "<group>"; };
		5A90177C1AD066AF009DBFE9 /* TYVAutoreleasePoolTests.c */ = {isa = PBXFileReference; fileEncoding = 4; lastKnownFileType = sourcecode.c.c; name = TYVAutoreleasePoolTests.c; path = task6/TYVAutoreleasePool/TYVAutoreleasePoolTests.c; sourceTree = "<group>"; };
		5A90177D1AD066AF009DBFE9 /* TYVAutoreleasePoolTests.h */ = {isa = PBXFileReference; fileEncoding = 4; lastKnownFileType = sourcecode.c.h; name = TYVAutoreleasePoolTests.h; path = task6/TYVAutoreleasePool/TYVAutoreleasePoolTests.h; sourceTree = "<group>"; };
		5AAAAC621AD833D8008E51AF /* TYVBeing.h */ = {isa = PBXFileReference; fileEncoding = 4; lastKnownFileType = sourcecode.c.h; name = TYVBeing.h; path = Source/TYVBeing/TYVBeing.h; sourceTree = "<group>"; };
		5AAAAC631AD833D8008E51AF /* TYVBeing.m */ = {isa = PBXFileReference; fileEncoding = 4; lastKnownFileType = sourcecode.c.objc; name = TYVBeing.m; path = Source/TYVBeing/TYVBeing.m; sourceTree = "<group>"; };
		5AACA13B1AD6804700DEE7EF /* TYVObjCHomework */ = {isa = PBXFileReference; explicitFileType = "compiled.mach-o.executable"; includeInIndex = 0; path = TYVObjCHomework; sourceTree = BUILT_PRODUCTS_DIR; };
		5AACA13D1AD6804700DEE7EF /* main.m */ = {isa = PBXFileReference; lastKnownFileType = sourcecode.c.objc; path = main.m; sourceTree = "<group>"; };
		5AACA1521AD684C700DEE7EF /* TYVCar.h */ = {isa = PBXFileReference; fileEncoding = 4; lastKnownFileType = sourcecode.c.h; path = TYVCar.h; sourceTree = "<group>"; };
		5AACA1531AD684C700DEE7EF /* TYVCar.m */ = {isa = PBXFileReference; fileEncoding = 4; lastKnownFileType = sourcecode.c.objc; path = TYVCar.m; sourceTree = "<group>"; };
		5AACA1561AD6876E00DEE7EF /* TYVEngine.h */ = {isa = PBXFileReference; fileEncoding = 4; lastKnownFileType = sourcecode.c.h; name = TYVEngine.h; path = task0/TYVEngine/TYVEngine.h; sourceTree = "<group>"; };
		5AACA1571AD6876E00DEE7EF /* TYVEngine.m */ = {isa = PBXFileReference; fileEncoding = 4; lastKnownFileType = sourcecode.c.objc; name = TYVEngine.m; path = task0/TYVEngine/TYVEngine.m; sourceTree = "<group>"; };
		5AACA1591AD691AC00DEE7EF /* TYVEngineProtocol.h */ = {isa = PBXFileReference; fileEncoding = 4; lastKnownFileType = sourcecode.c.h; name = TYVEngineProtocol.h; path = task0/TYVEngine/TYVEngineProtocol.h; sourceTree = "<group>"; };
		5AACA15A1AD69B2000DEE7EF /* TYVCar+TYVTimeCar.h */ = {isa = PBXFileReference; fileEncoding = 4; lastKnownFileType = sourcecode.c.h; path = "TYVCar+TYVTimeCar.h"; sourceTree = "<group>"; };
		5AACA15B1AD69B2000DEE7EF /* TYVCar+TYVTimeCar.m */ = {isa = PBXFileReference; fileEncoding = 4; lastKnownFileType = sourcecode.c.objc; path = "TYVCar+TYVTimeCar.m"; sourceTree = "<group>"; };
		5AADBF3A1AA487A600B29A88 /* TYVArray.c */ = {isa = PBXFileReference; fileEncoding = 4; lastKnownFileType = sourcecode.c.c; name = TYVArray.c; path = TYVArray/TYVArray.c; sourceTree = "<group>"; };
		5AADBF3B1AA487A600B29A88 /* TYVArray.h */ = {isa = PBXFileReference; fileEncoding = 4; lastKnownFileType = sourcecode.c.h; name = TYVArray.h; path = TYVArray/TYVArray.h; sourceTree = "<group>"; };
		5ABCB6DF1A8CD25B00CD71E2 /* IDAPCoursesHomework */ = {isa = PBXFileReference; explicitFileType = "compiled.mach-o.executable"; includeInIndex = 0; path = IDAPCoursesHomework; sourceTree = BUILT_PRODUCTS_DIR; };
		5ABCB6E21A8CD25B00CD71E2 /* main.c */ = {isa = PBXFileReference; lastKnownFileType = sourcecode.c.c; path = main.c; sourceTree = "<group>"; };
		5AF0897E1ABC4562008BF7C9 /* TYVRange.c */ = {isa = PBXFileReference; fileEncoding = 4; lastKnownFileType = sourcecode.c.c; name = TYVRange.c; path = TYVRange/TYVRange.c; sourceTree = "<group>"; };
		5AF0897F1ABC4562008BF7C9 /* TYVRange.h */ = {isa = PBXFileReference; fileEncoding = 4; lastKnownFileType = sourcecode.c.h; name = TYVRange.h; path = TYVRange/TYVRange.h; sourceTree = "<group>"; };
		5AF30FB71AC2CE10000D40E9 /* TYVAutoReleaseStack.c */ = {isa = PBXFileReference; fileEncoding = 4; lastKnownFileType = sourcecode.c.c; name = TYVAutoReleaseStack.c; path = task6/TYVStack/TYVAutoReleaseStack.c; sourceTree = "<group>"; };
		5AF30FB81AC2CE10000D40E9 /* TYVAutoReleaseStack.h */ = {isa = PBXFileReference; fileEncoding = 4; lastKnownFileType = sourcecode.c.h; name = TYVAutoReleaseStack.h; path = task6/TYVStack/TYVAutoReleaseStack.h; sourceTree = "<group>"; };
		5AFD29F81A9DE189007EFFB5 /* TYVMultiples.c */ = {isa = PBXFileReference; fileEncoding = 4; lastKnownFileType = sourcecode.c.c; name = TYVMultiples.c; path = IDAPCoursesHomework/task1/TYVMultiples.c; sourceTree = "<group>"; };
		5AFD29F91A9DE189007EFFB5 /* TYVMultiples.h */ = {isa = PBXFileReference; fileEncoding = 4; lastKnownFileType = sourcecode.c.h; name = TYVMultiples.h; path = IDAPCoursesHomework/task1/TYVMultiples.h; sourceTree = "<group>"; };
		5AFD29FA1A9DE189007EFFB5 /* TYVMultiplesTests.c */ = {isa = PBXFileReference; fileEncoding = 4; lastKnownFileType = sourcecode.c.c; name = TYVMultiplesTests.c; path = IDAPCoursesHomework/task1/TYVMultiplesTests.c; sourceTree = "<group>"; };
		5AFD29FB1A9DE189007EFFB5 /* TYVMultiplesTests.h */ = {isa = PBXFileReference; fileEncoding = 4; lastKnownFileType = sourcecode.c.h; name = TYVMultiplesTests.h; path = IDAPCoursesHomework/task1/TYVMultiplesTests.h; sourceTree = "<group>"; };
		5AFD2A061A9DE2EC007EFFB5 /* TYVStructure.c */ = {isa = PBXFileReference; fileEncoding = 4; lastKnownFileType = sourcecode.c.c; name = TYVStructure.c; path = IDAPCoursesHomework/task3/TYVStructure.c; sourceTree = "<group>"; };
		5AFD2A071A9DE2EC007EFFB5 /* TYVStructure.h */ = {isa = PBXFileReference; fileEncoding = 4; lastKnownFileType = sourcecode.c.h; name = TYVStructure.h; path = IDAPCoursesHomework/task3/TYVStructure.h; sourceTree = "<group>"; };
		5AFD2A081A9DE2EC007EFFB5 /* TYVStructureTests.c */ = {isa = PBXFileReference; fileEncoding = 4; lastKnownFileType = sourcecode.c.c; name = TYVStructureTests.c; path = IDAPCoursesHomework/task3/TYVStructureTests.c; sourceTree = "<group>"; };
		5AFD2A091A9DE2EC007EFFB5 /* TYVStructureTests.h */ = {isa = PBXFileReference; fileEncoding = 4; lastKnownFileType = sourcecode.c.h; name = TYVStructureTests.h; path = IDAPCoursesHomework/task3/TYVStructureTests.h; sourceTree = "<group>"; };
		5AFD2A0D1A9E0E98007EFFB5 /* TYVBitReverse.c */ = {isa = PBXFileReference; fileEncoding = 4; lastKnownFileType = sourcecode.c.c; name = TYVBitReverse.c; path = IDAPCoursesHomework/task4/TYVBitReverse.c; sourceTree = "<group>"; };
		5AFD2A0E1A9E0E98007EFFB5 /* TYVBitReverse.h */ = {isa = PBXFileReference; fileEncoding = 4; lastKnownFileType = sourcecode.c.h; name = TYVBitReverse.h; path = IDAPCoursesHomework/task4/TYVBitReverse.h; sourceTree = "<group>"; };
		5AFD2A0F1A9E0E98007EFFB5 /* TYVEndian.c */ = {isa = PBXFileReference; fileEncoding = 4; lastKnownFileType = sourcecode.c.c; name = TYVEndian.c; path = IDAPCoursesHomework/task4/TYVEndian.c; sourceTree = "<group>"; };
		5AFD2A101A9E0E98007EFFB5 /* TYVEndian.h */ = {isa = PBXFileReference; fileEncoding = 4; lastKnownFileType = sourcecode.c.h; name = TYVEndian.h; path = IDAPCoursesHomework/task4/TYVEndian.h; sourceTree = "<group>"; };
		5AFD2A111A9E0E98007EFFB5 /* TYVValueBitOutput.c */ = {isa = PBXFileReference; fileEncoding = 4; lastKnownFileType = sourcecode.c.c; name = TYVValueBitOutput.c; path = IDAPCoursesHomework/task4/TYVValueBitOutput.c; sourceTree = "<group>"; };
		5AFD2A121A9E0E98007EFFB5 /* TYVValueBitOutput.h */ = {isa = PBXFileReference; fileEncoding = 4; lastKnownFileType = sourcecode.c.h; name = TYVValueBitOutput.h; path = IDAPCoursesHomework/task4/TYVValueBitOutput.h; sourceTree = "<group>"; };
		5AFD2A131A9E0E98007EFFB5 /* TYVValueBitOutputTests.c */ = {isa = PBXFileReference; fileEncoding = 4; lastKnownFileType = sourcecode.c.c; name = TYVValueBitOutputTests.c; path = IDAPCoursesHomework/task4/TYVValueBitOutputTests.c; sourceTree = "<group>"; };
		5AFD2A141A9E0E98007EFFB5 /* TYVValueBitOutputTests.h */ = {isa = PBXFileReference; fileEncoding = 4; lastKnownFileType = sourcecode.c.h; name = TYVValueBitOutputTests.h; path = IDAPCoursesHomework/task4/TYVValueBitOutputTests.h; sourceTree = "<group>"; };
		5AFD2A1C1A9E0F97007EFFB5 /* TYVHumanStruct.c */ = {isa = PBXFileReference; fileEncoding = 4; lastKnownFileType = sourcecode.c.c; path = TYVHumanStruct.c; sourceTree = "<group>"; };
		5AFD2A1D1A9E0F97007EFFB5 /* TYVHumanStruct.h */ = {isa = PBXFileReference; fileEncoding = 4; lastKnownFileType = sourcecode.c.h; path = TYVHumanStruct.h; sourceTree = "<group>"; };
		5AFD2A1E1A9E0F97007EFFB5 /* TYVName.c */ = {isa = PBXFileReference; fileEncoding = 4; lastKnownFileType = sourcecode.c.c; path = TYVName.c; sourceTree = "<group>"; };
		5AFD2A1F1A9E0F97007EFFB5 /* TYVName.h */ = {isa = PBXFileReference; fileEncoding = 4; lastKnownFileType = sourcecode.c.h; path = TYVName.h; sourceTree = "<group>"; };
		5AFD2A211A9E0F97007EFFB5 /* TYVHuman.c */ = {isa = PBXFileReference; fileEncoding = 4; lastKnownFileType = sourcecode.c.c; path = TYVHuman.c; sourceTree = "<group>"; };
		5AFD2A221A9E0F97007EFFB5 /* TYVHuman.h */ = {isa = PBXFileReference; fileEncoding = 4; lastKnownFileType = sourcecode.c.h; path = TYVHuman.h; sourceTree = "<group>"; };
		5AFD2A231A9E0F97007EFFB5 /* TYVHumanTests.c */ = {isa = PBXFileReference; fileEncoding = 4; lastKnownFileType = sourcecode.c.c; path = TYVHumanTests.c; sourceTree = "<group>"; };
		5AFD2A241A9E0F97007EFFB5 /* TYVHumanTests.h */ = {isa = PBXFileReference; fileEncoding = 4; lastKnownFileType = sourcecode.c.h; path = TYVHumanTests.h; sourceTree = "<group>"; };
		5AFD2A261A9E0F97007EFFB5 /* TYVString.c */ = {isa = PBXFileReference; fileEncoding = 4; lastKnownFileType = sourcecode.c.c; path = TYVString.c; sourceTree = "<group>"; };
		5AFD2A271A9E0F97007EFFB5 /* TYVString.h */ = {isa = PBXFileReference; fileEncoding = 4; lastKnownFileType = sourcecode.c.h; path = TYVString.h; sourceTree = "<group>"; };
		5AFD2A281A9E0F97007EFFB5 /* TYVStringTests.c */ = {isa = PBXFileReference; fileEncoding = 4; lastKnownFileType = sourcecode.c.c; path = TYVStringTests.c; sourceTree = "<group>"; };
		5AFD2A291A9E0F97007EFFB5 /* TYVStringTests.h */ = {isa = PBXFileReference; fileEncoding = 4; lastKnownFileType = sourcecode.c.h; path = TYVStringTests.h; sourceTree = "<group>"; };
/* End PBXFileReference section */

/* Begin PBXFrameworksBuildPhase section */
		5AACA1381AD6804700DEE7EF /* Frameworks */ = {
			isa = PBXFrameworksBuildPhase;
			buildActionMask = 2147483647;
			files = (
			);
			runOnlyForDeploymentPostprocessing = 0;
		};
		5ABCB6DC1A8CD25B00CD71E2 /* Frameworks */ = {
			isa = PBXFrameworksBuildPhase;
			buildActionMask = 2147483647;
			files = (
			);
			runOnlyForDeploymentPostprocessing = 0;
		};
/* End PBXFrameworksBuildPhase section */

/* Begin PBXGroup section */
		5A2F2C871AB6F1D900BBF458 /* TYVPropertySetters */ = {
			isa = PBXGroup;
			children = (
				5A2F2C841AB6F19C00BBF458 /* TYVPropertySetters.c */,
				5A2F2C851AB6F19C00BBF458 /* TYVPropertySetters.h */,
			);
			name = TYVPropertySetters;
			sourceTree = "<group>";
		};
		5A302C891AC17D0B00E784ED /* task6 */ = {
			isa = PBXGroup;
			children = (
				5A302C901AC17D4900E784ED /* TYVStack */,
				5A45A7E31AC427DA007FAB8F /* TYVLinkedListNode */,
				5A45A7E71AC42B9F007FAB8F /* TYVLinkedList */,
				5A33B5181AC6F81B002591DE /* TYVLinkedListEnumerator */,
				5A5647BB1ACD49C800177C10 /* TYVAutoreleasePool */,
			);
			name = task6;
			sourceTree = "<group>";
		};
		5A302C901AC17D4900E784ED /* TYVStack */ = {
			isa = PBXGroup;
			children = (
				5A302C911AC193B400E784ED /* TYVStackTest.c */,
				5A302C921AC193B400E784ED /* TYVStackTest.h */,
				5AF30FB71AC2CE10000D40E9 /* TYVAutoReleaseStack.c */,
				5AF30FB81AC2CE10000D40E9 /* TYVAutoReleaseStack.h */,
			);
			name = TYVStack;
			sourceTree = "<group>";
		};
		5A320EE21ADC3CC000E7A67B /* TYVMaleBeing */ = {
			isa = PBXGroup;
			children = (
				5A320EDF1ADC3CBB00E7A67B /* TYVMaleBeing.h */,
				5A320EE01ADC3CBB00E7A67B /* TYVMaleBeing.m */,
			);
			name = TYVMaleBeing;
			sourceTree = "<group>";
		};
		5A320EE61ADC3CFD00E7A67B /* TYVFemaleBeing */ = {
			isa = PBXGroup;
			children = (
				5A320EE31ADC3CF600E7A67B /* TYVFemaleBeing.h */,
				5A320EE41ADC3CF600E7A67B /* TYVFemaleBeing.m */,
			);
			name = TYVFemaleBeing;
			sourceTree = "<group>";
		};
		5A320EEA1ADC4B9800E7A67B /* TYVNSObjectCategory */ = {
			isa = PBXGroup;
			children = (
				5A320EE71ADC4A6100E7A67B /* NSObject+TYVNSObjectCategory.h */,
				5A320EE81ADC4A6100E7A67B /* NSObject+TYVNSObjectCategory.m */,
			);
			name = TYVNSObjectCategory;
			sourceTree = "<group>";
		};
		5A33B5181AC6F81B002591DE /* TYVLinkedListEnumerator */ = {
			isa = PBXGroup;
			children = (
				5A33B5151AC6F817002591DE /* TYVLinkedListEnumerator.c */,
				5A33B5161AC6F817002591DE /* TYVLinkedListEnumerator.h */,
				5A33B51A1AC700A0002591DE /* TYVLinkedListEnumeratorPrivate.h */,
			);
			name = TYVLinkedListEnumerator;
			sourceTree = "<group>";
		};
		5A45A7E31AC427DA007FAB8F /* TYVLinkedListNode */ = {
			isa = PBXGroup;
			children = (
				5A45A7E01AC41FDF007FAB8F /* TYVLinkedListNode.c */,
				5A45A7E11AC41FDF007FAB8F /* TYVLinkedListNode.h */,
				5A33B51B1AC71DAD002591DE /* TYVLinkedListNodeTests.c */,
				5A33B51C1AC71DAD002591DE /* TYVLinkedListNodeTests.h */,
			);
			name = TYVLinkedListNode;
			sourceTree = "<group>";
		};
		5A45A7E71AC42B9F007FAB8F /* TYVLinkedList */ = {
			isa = PBXGroup;
			children = (
				5A45A7E41AC42B9A007FAB8F /* TYVLinkedList.c */,
				5A45A7E51AC42B9A007FAB8F /* TYVLinkedList.h */,
				5A33B5191AC6FE3B002591DE /* TYVLinkedListPrivate.h */,
				5A33B51E1AC7350C002591DE /* TYVLinkedListTests.c */,
				5A33B51F1AC7350C002591DE /* TYVLinkedListTests.h */,
			);
			name = TYVLinkedList;
			sourceTree = "<group>";
		};
		5A51A9C81AA095F9003CC905 /* TYVObject */ = {
			isa = PBXGroup;
			children = (
				5A51A9C51AA095F3003CC905 /* TYVObject.c */,
				5A51A9C61AA095F3003CC905 /* TYVObject.h */,
			);
			name = TYVObject;
			sourceTree = "<group>";
		};
		5A5201DF1AB325A000D2C6EE /* TYVUniversalSetters */ = {
			isa = PBXGroup;
			children = (
				5A5201DC1AB3259B00D2C6EE /* TYVUniversalSetters.c */,
				5A5201DD1AB3259B00D2C6EE /* TYVUniversalSetters.h */,
			);
			name = TYVUniversalSetters;
			sourceTree = "<group>";
		};
		5A5647BB1ACD49C800177C10 /* TYVAutoreleasePool */ = {
			isa = PBXGroup;
			children = (
				5A5647B81ACD49C400177C10 /* TYVAutoreleasePool.c */,
				5A5647B91ACD49C400177C10 /* TYVAutoreleasePool.h */,
				5A90177C1AD066AF009DBFE9 /* TYVAutoreleasePoolTests.c */,
				5A90177D1AD066AF009DBFE9 /* TYVAutoreleasePoolTests.h */,
			);
			name = TYVAutoreleasePool;
			sourceTree = "<group>";
		};
		5A5BF99C1AADF4B800388CA8 /* TYVArrayList */ = {
			isa = PBXGroup;
			children = (
				5A5BF9991AADF4AE00388CA8 /* TYVArrayList.c */,
				5A5BF99A1AADF4AE00388CA8 /* TYVArrayList.h */,
				5A5BF99D1AADF92800388CA8 /* TYVArrayListTests.c */,
				5A5BF99E1AADF92800388CA8 /* TYVArrayListTests.h */,
			);
			name = TYVArrayList;
			sourceTree = "<group>";
		};
		5AAAAC651AD833EA008E51AF /* Source */ = {
			isa = PBXGroup;
			children = (
				5AAAAC661AD83410008E51AF /* TYVBeing */,
				5A320EE21ADC3CC000E7A67B /* TYVMaleBeing */,
				5A320EE61ADC3CFD00E7A67B /* TYVFemaleBeing */,
				5A320EEA1ADC4B9800E7A67B /* TYVNSObjectCategory */,
			);
			name = Source;
			sourceTree = "<group>";
		};
		5AAAAC661AD83410008E51AF /* TYVBeing */ = {
			isa = PBXGroup;
			children = (
				5AAAAC621AD833D8008E51AF /* TYVBeing.h */,
				5AAAAC631AD833D8008E51AF /* TYVBeing.m */,
			);
			name = TYVBeing;
			sourceTree = "<group>";
		};
		5AACA13C1AD6804700DEE7EF /* TYVObjCHomework */ = {
			isa = PBXGroup;
			children = (
				5AACA14B1AD6838000DEE7EF /* task0 */,
				5AACA13D1AD6804700DEE7EF /* main.m */,
				5AAAAC651AD833EA008E51AF /* Source */,
			);
			path = TYVObjCHomework;
			sourceTree = "<group>";
		};
		5AACA14B1AD6838000DEE7EF /* task0 */ = {
			isa = PBXGroup;
			children = (
				5AACA1551AD6873B00DEE7EF /* TYVEngine */,
				5AACA1501AD6842200DEE7EF /* TYVCar */,
			);
			name = task0;
			sourceTree = "<group>";
		};
		5AACA1501AD6842200DEE7EF /* TYVCar */ = {
			isa = PBXGroup;
			children = (
				5AACA1521AD684C700DEE7EF /* TYVCar.h */,
				5AACA1531AD684C700DEE7EF /* TYVCar.m */,
				5AACA15A1AD69B2000DEE7EF /* TYVCar+TYVTimeCar.h */,
				5AACA15B1AD69B2000DEE7EF /* TYVCar+TYVTimeCar.m */,
			);
			name = TYVCar;
			path = task0/TYVCar;
			sourceTree = "<group>";
		};
		5AACA1551AD6873B00DEE7EF /* TYVEngine */ = {
			isa = PBXGroup;
			children = (
				5AACA1561AD6876E00DEE7EF /* TYVEngine.h */,
				5AACA1571AD6876E00DEE7EF /* TYVEngine.m */,
				5AACA1591AD691AC00DEE7EF /* TYVEngineProtocol.h */,
			);
			name = TYVEngine;
			sourceTree = "<group>";
		};
		5AADBF3D1AA487AD00B29A88 /* TYVArray */ = {
			isa = PBXGroup;
			children = (
				5AADBF3A1AA487A600B29A88 /* TYVArray.c */,
				5AADBF3B1AA487A600B29A88 /* TYVArray.h */,
			);
			name = TYVArray;
			sourceTree = "<group>";
		};
		5ABCB6D61A8CD25B00CD71E2 = {
			isa = PBXGroup;
			children = (
				5ABCB6E11A8CD25B00CD71E2 /* IDAPCoursesHomework */,
				5AACA13C1AD6804700DEE7EF /* TYVObjCHomework */,
				5ABCB6E01A8CD25B00CD71E2 /* Products */,
			);
			sourceTree = "<group>";
		};
		5ABCB6E01A8CD25B00CD71E2 /* Products */ = {
			isa = PBXGroup;
			children = (
				5ABCB6DF1A8CD25B00CD71E2 /* IDAPCoursesHomework */,
				5AACA13B1AD6804700DEE7EF /* TYVObjCHomework */,
			);
			name = Products;
			sourceTree = "<group>";
		};
		5ABCB6E11A8CD25B00CD71E2 /* IDAPCoursesHomework */ = {
			isa = PBXGroup;
			children = (
				5ABCB6E21A8CD25B00CD71E2 /* main.c */,
				5AFD29FE1A9DE191007EFFB5 /* task1 */,
				5AFD2A0C1A9DE2F5007EFFB5 /* task3 */,
				5AFD2A191A9E0E9F007EFFB5 /* task4 */,
				5AFD2A1A1A9E0F97007EFFB5 /* task5 */,
				5A302C891AC17D0B00E784ED /* task6 */,
			);
			path = IDAPCoursesHomework;
			sourceTree = "<group>";
		};
		5AF089811ABC4569008BF7C9 /* TYVRange */ = {
			isa = PBXGroup;
			children = (
				5AF0897E1ABC4562008BF7C9 /* TYVRange.c */,
				5AF0897F1ABC4562008BF7C9 /* TYVRange.h */,
			);
			name = TYVRange;
			sourceTree = "<group>";
		};
		5AFD29FE1A9DE191007EFFB5 /* task1 */ = {
			isa = PBXGroup;
			children = (
				5AFD29F81A9DE189007EFFB5 /* TYVMultiples.c */,
				5AFD29F91A9DE189007EFFB5 /* TYVMultiples.h */,
				5AFD29FA1A9DE189007EFFB5 /* TYVMultiplesTests.c */,
				5AFD29FB1A9DE189007EFFB5 /* TYVMultiplesTests.h */,
			);
			name = task1;
			path = ..;
			sourceTree = "<group>";
		};
		5AFD2A0C1A9DE2F5007EFFB5 /* task3 */ = {
			isa = PBXGroup;
			children = (
				5AFD2A061A9DE2EC007EFFB5 /* TYVStructure.c */,
				5AFD2A071A9DE2EC007EFFB5 /* TYVStructure.h */,
				5AFD2A081A9DE2EC007EFFB5 /* TYVStructureTests.c */,
				5AFD2A091A9DE2EC007EFFB5 /* TYVStructureTests.h */,
			);
			name = task3;
			path = ..;
			sourceTree = "<group>";
		};
		5AFD2A191A9E0E9F007EFFB5 /* task4 */ = {
			isa = PBXGroup;
			children = (
				5AFD2A0D1A9E0E98007EFFB5 /* TYVBitReverse.c */,
				5AFD2A0E1A9E0E98007EFFB5 /* TYVBitReverse.h */,
				5AFD2A0F1A9E0E98007EFFB5 /* TYVEndian.c */,
				5AFD2A101A9E0E98007EFFB5 /* TYVEndian.h */,
				5AFD2A111A9E0E98007EFFB5 /* TYVValueBitOutput.c */,
				5AFD2A121A9E0E98007EFFB5 /* TYVValueBitOutput.h */,
				5AFD2A131A9E0E98007EFFB5 /* TYVValueBitOutputTests.c */,
				5AFD2A141A9E0E98007EFFB5 /* TYVValueBitOutputTests.h */,
			);
			name = task4;
			path = ..;
			sourceTree = "<group>";
		};
		5AFD2A1A1A9E0F97007EFFB5 /* task5 */ = {
			isa = PBXGroup;
			children = (
				5AFD2A1B1A9E0F97007EFFB5 /* Old */,
				5AFD2A201A9E0F97007EFFB5 /* TYVHuman */,
				5AFD2A251A9E0F97007EFFB5 /* TYVString */,
				5A51A9C81AA095F9003CC905 /* TYVObject */,
				5AADBF3D1AA487AD00B29A88 /* TYVArray */,
				5A5BF99C1AADF4B800388CA8 /* TYVArrayList */,
				5A5201DF1AB325A000D2C6EE /* TYVUniversalSetters */,
				5A2F2C871AB6F1D900BBF458 /* TYVPropertySetters */,
				5AF089811ABC4569008BF7C9 /* TYVRange */,
			);
			path = task5;
			sourceTree = "<group>";
		};
		5AFD2A1B1A9E0F97007EFFB5 /* Old */ = {
			isa = PBXGroup;
			children = (
				5AFD2A1C1A9E0F97007EFFB5 /* TYVHumanStruct.c */,
				5AFD2A1D1A9E0F97007EFFB5 /* TYVHumanStruct.h */,
				5AFD2A1E1A9E0F97007EFFB5 /* TYVName.c */,
				5AFD2A1F1A9E0F97007EFFB5 /* TYVName.h */,
			);
			path = Old;
			sourceTree = "<group>";
		};
		5AFD2A201A9E0F97007EFFB5 /* TYVHuman */ = {
			isa = PBXGroup;
			children = (
				5AFD2A211A9E0F97007EFFB5 /* TYVHuman.c */,
				5AFD2A221A9E0F97007EFFB5 /* TYVHuman.h */,
				5AFD2A231A9E0F97007EFFB5 /* TYVHumanTests.c */,
				5AFD2A241A9E0F97007EFFB5 /* TYVHumanTests.h */,
			);
			path = TYVHuman;
			sourceTree = "<group>";
		};
		5AFD2A251A9E0F97007EFFB5 /* TYVString */ = {
			isa = PBXGroup;
			children = (
				5AFD2A261A9E0F97007EFFB5 /* TYVString.c */,
				5AFD2A271A9E0F97007EFFB5 /* TYVString.h */,
				5AFD2A281A9E0F97007EFFB5 /* TYVStringTests.c */,
				5AFD2A291A9E0F97007EFFB5 /* TYVStringTests.h */,
			);
			path = TYVString;
			sourceTree = "<group>";
		};
/* End PBXGroup section */

/* Begin PBXNativeTarget section */
		5AACA13A1AD6804700DEE7EF /* TYVObjCHomework */ = {
			isa = PBXNativeTarget;
			buildConfigurationList = 5AACA13F1AD6804700DEE7EF /* Build configuration list for PBXNativeTarget "TYVObjCHomework" */;
			buildPhases = (
				5AACA1371AD6804700DEE7EF /* Sources */,
				5AACA1381AD6804700DEE7EF /* Frameworks */,
				5AACA1391AD6804700DEE7EF /* CopyFiles */,
			);
			buildRules = (
			);
			dependencies = (
			);
			name = TYVObjCHomework;
			productName = TYVObjCHomework;
			productReference = 5AACA13B1AD6804700DEE7EF /* TYVObjCHomework */;
			productType = "com.apple.product-type.tool";
		};
		5ABCB6DE1A8CD25B00CD71E2 /* IDAPCoursesHomework */ = {
			isa = PBXNativeTarget;
			buildConfigurationList = 5ABCB6E61A8CD25B00CD71E2 /* Build configuration list for PBXNativeTarget "IDAPCoursesHomework" */;
			buildPhases = (
				5ABCB6DB1A8CD25B00CD71E2 /* Sources */,
				5ABCB6DC1A8CD25B00CD71E2 /* Frameworks */,
				5ABCB6DD1A8CD25B00CD71E2 /* CopyFiles */,
			);
			buildRules = (
			);
			dependencies = (
			);
			name = IDAPCoursesHomework;
			productName = IDAPCoursesHomework;
			productReference = 5ABCB6DF1A8CD25B00CD71E2 /* IDAPCoursesHomework */;
			productType = "com.apple.product-type.tool";
		};
/* End PBXNativeTarget section */

/* Begin PBXProject section */
		5ABCB6D71A8CD25B00CD71E2 /* Project object */ = {
			isa = PBXProject;
			attributes = {
				LastUpgradeCheck = 0610;
				ORGANIZATIONNAME = YURII;
				TargetAttributes = {
					5AACA13A1AD6804700DEE7EF = {
						CreatedOnToolsVersion = 6.2;
					};
					5ABCB6DE1A8CD25B00CD71E2 = {
						CreatedOnToolsVersion = 6.1.1;
					};
				};
			};
			buildConfigurationList = 5ABCB6DA1A8CD25B00CD71E2 /* Build configuration list for PBXProject "IDAPCoursesHomework" */;
			compatibilityVersion = "Xcode 3.2";
			developmentRegion = English;
			hasScannedForEncodings = 0;
			knownRegions = (
				en,
			);
			mainGroup = 5ABCB6D61A8CD25B00CD71E2;
			productRefGroup = 5ABCB6E01A8CD25B00CD71E2 /* Products */;
			projectDirPath = "";
			projectRoot = "";
			targets = (
				5AACA13A1AD6804700DEE7EF /* TYVObjCHomework */,
				5ABCB6DE1A8CD25B00CD71E2 /* IDAPCoursesHomework */,
			);
		};
/* End PBXProject section */

/* Begin PBXSourcesBuildPhase section */
		5AACA1371AD6804700DEE7EF /* Sources */ = {
			isa = PBXSourcesBuildPhase;
			buildActionMask = 2147483647;
			files = (
				5A320EE11ADC3CBB00E7A67B /* TYVMaleBeing.m in Sources */,
				5AAAAC641AD833D8008E51AF /* TYVBeing.m in Sources */,
				5AACA1541AD684C700DEE7EF /* TYVCar.m in Sources */,
				5AACA1581AD6876E00DEE7EF /* TYVEngine.m in Sources */,
				5AACA15C1AD69B2000DEE7EF /* TYVCar+TYVTimeCar.m in Sources */,
				5A320EE91ADC4A6100E7A67B /* NSObject+TYVNSObjectCategory.m in Sources */,
				5A320EE51ADC3CF600E7A67B /* TYVFemaleBeing.m in Sources */,
				5AACA13E1AD6804700DEE7EF /* main.m in Sources */,
			);
			runOnlyForDeploymentPostprocessing = 0;
		};
		5ABCB6DB1A8CD25B00CD71E2 /* Sources */ = {
			isa = PBXSourcesBuildPhase;
			buildActionMask = 2147483647;
			files = (
				5A90177E1AD066AF009DBFE9 /* TYVAutoreleasePoolTests.c in Sources */,
				5A302C931AC193B400E784ED /* TYVStackTest.c in Sources */,
				5AFD2A2D1A9E0F97007EFFB5 /* TYVHumanTests.c in Sources */,
				5AFD2A161A9E0E98007EFFB5 /* TYVEndian.c in Sources */,
				5AF089801ABC4562008BF7C9 /* TYVRange.c in Sources */,
				5A5BF99B1AADF4AE00388CA8 /* TYVArrayList.c in Sources */,
				5AFD2A2F1A9E0F97007EFFB5 /* TYVStringTests.c in Sources */,
				5A45A7E21AC41FDF007FAB8F /* TYVLinkedListNode.c in Sources */,
				5AFD2A2A1A9E0F97007EFFB5 /* TYVHumanStruct.c in Sources */,
				5AFD2A181A9E0E98007EFFB5 /* TYVValueBitOutputTests.c in Sources */,
				5A2F2C861AB6F19C00BBF458 /* TYVPropertySetters.c in Sources */,
				5A51A9C71AA095F3003CC905 /* TYVObject.c in Sources */,
				5A5647BA1ACD49C400177C10 /* TYVAutoreleasePool.c in Sources */,
				5A45A7E61AC42B9A007FAB8F /* TYVLinkedList.c in Sources */,
				5AACA14A1AD682E400DEE7EF /* main.c in Sources */,
				5A33B5201AC7350C002591DE /* TYVLinkedListTests.c in Sources */,
				5AFD2A171A9E0E98007EFFB5 /* TYVValueBitOutput.c in Sources */,
				5AFD2A151A9E0E98007EFFB5 /* TYVBitReverse.c in Sources */,
				5AFD29FD1A9DE189007EFFB5 /* TYVMultiplesTests.c in Sources */,
				5A33B51D1AC71DAD002591DE /* TYVLinkedListNodeTests.c in Sources */,
				5AFD2A2E1A9E0F97007EFFB5 /* TYVString.c in Sources */,
				5AFD2A2C1A9E0F97007EFFB5 /* TYVHuman.c in Sources */,
				5A33B5171AC6F817002591DE /* TYVLinkedListEnumerator.c in Sources */,
				5AADBF3C1AA487A600B29A88 /* TYVArray.c in Sources */,
				5AFD29FC1A9DE189007EFFB5 /* TYVMultiples.c in Sources */,
				5A5BF99F1AADF92800388CA8 /* TYVArrayListTests.c in Sources */,
				5AF30FB91AC2CE10000D40E9 /* TYVAutoReleaseStack.c in Sources */,
				5A5201DE1AB3259B00D2C6EE /* TYVUniversalSetters.c in Sources */,
				5AFD2A2B1A9E0F97007EFFB5 /* TYVName.c in Sources */,
				5AFD2A0A1A9DE2EC007EFFB5 /* TYVStructure.c in Sources */,
				5AFD2A0B1A9DE2EC007EFFB5 /* TYVStructureTests.c in Sources */,
			);
			runOnlyForDeploymentPostprocessing = 0;
		};
/* End PBXSourcesBuildPhase section */

/* Begin XCBuildConfiguration section */
		5AACA1401AD6804700DEE7EF /* Debug */ = {
			isa = XCBuildConfiguration;
			buildSettings = {
				GCC_PREPROCESSOR_DEFINITIONS = (
					"DEBUG=1",
					"$(inherited)",
				);
				PRODUCT_NAME = "$(TARGET_NAME)";
			};
			name = Debug;
		};
		5AACA1411AD6804700DEE7EF /* Release */ = {
			isa = XCBuildConfiguration;
			buildSettings = {
				COPY_PHASE_STRIP = NO;
				PRODUCT_NAME = "$(TARGET_NAME)";
			};
			name = Release;
		};
		5ABCB6E41A8CD25B00CD71E2 /* Debug */ = {
			isa = XCBuildConfiguration;
			buildSettings = {
				ALWAYS_SEARCH_USER_PATHS = NO;
				CLANG_CXX_LANGUAGE_STANDARD = "gnu++0x";
				CLANG_CXX_LIBRARY = "libc++";
				CLANG_ENABLE_MODULES = YES;
				CLANG_ENABLE_OBJC_ARC = NO;
				CLANG_WARN_BOOL_CONVERSION = YES;
				CLANG_WARN_CONSTANT_CONVERSION = YES;
				CLANG_WARN_DIRECT_OBJC_ISA_USAGE = YES_ERROR;
				CLANG_WARN_EMPTY_BODY = YES;
				CLANG_WARN_ENUM_CONVERSION = YES;
				CLANG_WARN_INT_CONVERSION = YES;
				CLANG_WARN_OBJC_ROOT_CLASS = YES_ERROR;
				CLANG_WARN_UNREACHABLE_CODE = YES;
				CLANG_WARN__DUPLICATE_METHOD_MATCH = YES;
				COPY_PHASE_STRIP = NO;
				ENABLE_STRICT_OBJC_MSGSEND = YES;
				GCC_C_LANGUAGE_STANDARD = gnu99;
				GCC_DYNAMIC_NO_PIC = NO;
				GCC_OPTIMIZATION_LEVEL = 0;
				GCC_PREPROCESSOR_DEFINITIONS = (
					"DEBUG=1",
					"$(inherited)",
				);
				GCC_SYMBOLS_PRIVATE_EXTERN = NO;
				GCC_WARN_64_TO_32_BIT_CONVERSION = YES;
				GCC_WARN_ABOUT_RETURN_TYPE = YES_ERROR;
				GCC_WARN_UNDECLARED_SELECTOR = YES;
				GCC_WARN_UNINITIALIZED_AUTOS = YES_AGGRESSIVE;
				GCC_WARN_UNUSED_FUNCTION = YES;
				GCC_WARN_UNUSED_VARIABLE = YES;
				MACOSX_DEPLOYMENT_TARGET = 10.9;
				MTL_ENABLE_DEBUG_INFO = YES;
				ONLY_ACTIVE_ARCH = YES;
				SDKROOT = macosx;
			};
			name = Debug;
		};
		5ABCB6E51A8CD25B00CD71E2 /* Release */ = {
			isa = XCBuildConfiguration;
			buildSettings = {
				ALWAYS_SEARCH_USER_PATHS = NO;
				CLANG_CXX_LANGUAGE_STANDARD = "gnu++0x";
				CLANG_CXX_LIBRARY = "libc++";
				CLANG_ENABLE_MODULES = YES;
				CLANG_ENABLE_OBJC_ARC = NO;
				CLANG_WARN_BOOL_CONVERSION = YES;
				CLANG_WARN_CONSTANT_CONVERSION = YES;
				CLANG_WARN_DIRECT_OBJC_ISA_USAGE = YES_ERROR;
				CLANG_WARN_EMPTY_BODY = YES;
				CLANG_WARN_ENUM_CONVERSION = YES;
				CLANG_WARN_INT_CONVERSION = YES;
				CLANG_WARN_OBJC_ROOT_CLASS = YES_ERROR;
				CLANG_WARN_UNREACHABLE_CODE = YES;
				CLANG_WARN__DUPLICATE_METHOD_MATCH = YES;
				COPY_PHASE_STRIP = YES;
				DEBUG_INFORMATION_FORMAT = "dwarf-with-dsym";
				ENABLE_NS_ASSERTIONS = NO;
				ENABLE_STRICT_OBJC_MSGSEND = YES;
				GCC_C_LANGUAGE_STANDARD = gnu99;
				GCC_WARN_64_TO_32_BIT_CONVERSION = YES;
				GCC_WARN_ABOUT_RETURN_TYPE = YES_ERROR;
				GCC_WARN_UNDECLARED_SELECTOR = YES;
				GCC_WARN_UNINITIALIZED_AUTOS = YES_AGGRESSIVE;
				GCC_WARN_UNUSED_FUNCTION = YES;
				GCC_WARN_UNUSED_VARIABLE = YES;
				MACOSX_DEPLOYMENT_TARGET = 10.9;
				MTL_ENABLE_DEBUG_INFO = NO;
				SDKROOT = macosx;
			};
			name = Release;
		};
		5ABCB6E71A8CD25B00CD71E2 /* Debug */ = {
			isa = XCBuildConfiguration;
			buildSettings = {
				PRODUCT_NAME = "$(TARGET_NAME)";
			};
			name = Debug;
		};
		5ABCB6E81A8CD25B00CD71E2 /* Release */ = {
			isa = XCBuildConfiguration;
			buildSettings = {
				PRODUCT_NAME = "$(TARGET_NAME)";
			};
			name = Release;
		};
/* End XCBuildConfiguration section */

/* Begin XCConfigurationList section */
		5AACA13F1AD6804700DEE7EF /* Build configuration list for PBXNativeTarget "TYVObjCHomework" */ = {
			isa = XCConfigurationList;
			buildConfigurations = (
				5AACA1401AD6804700DEE7EF /* Debug */,
				5AACA1411AD6804700DEE7EF /* Release */,
			);
			defaultConfigurationIsVisible = 0;
			defaultConfigurationName = Release;
		};
		5ABCB6DA1A8CD25B00CD71E2 /* Build configuration list for PBXProject "IDAPCoursesHomework" */ = {
			isa = XCConfigurationList;
			buildConfigurations = (
				5ABCB6E41A8CD25B00CD71E2 /* Debug */,
				5ABCB6E51A8CD25B00CD71E2 /* Release */,
			);
			defaultConfigurationIsVisible = 0;
			defaultConfigurationName = Release;
		};
		5ABCB6E61A8CD25B00CD71E2 /* Build configuration list for PBXNativeTarget "IDAPCoursesHomework" */ = {
			isa = XCConfigurationList;
			buildConfigurations = (
				5ABCB6E71A8CD25B00CD71E2 /* Debug */,
				5ABCB6E81A8CD25B00CD71E2 /* Release */,
			);
			defaultConfigurationIsVisible = 0;
			defaultConfigurationName = Release;
		};
/* End XCConfigurationList section */
	};
	rootObject = 5ABCB6D71A8CD25B00CD71E2 /* Project object */;
}
