// !$*UTF8*$!
{
	archiveVersion = 1;
	classes = {
	};
	objectVersion = 46;
	objects = {

/* Begin PBXBuildFile section */
		5A26DD7C1A8DEB93008AA0F2 /* TYVMultiples.c in Sources */ = {isa = PBXBuildFile; fileRef = 5A26DD7A1A8DEB93008AA0F2 /* TYVMultiples.c */; };
		5A26DD7F1A8DEBB7008AA0F2 /* TYVMultiplesTests.c in Sources */ = {isa = PBXBuildFile; fileRef = 5A26DD7D1A8DEBB7008AA0F2 /* TYVMultiplesTests.c */; };
		5ABCB6E31A8CD25B00CD71E2 /* main.c in Sources */ = {isa = PBXBuildFile; fileRef = 5ABCB6E21A8CD25B00CD71E2 /* main.c */; };
		5ABCB6F11A8CD5FD00CD71E2 /* TYVStructure.c in Sources */ = {isa = PBXBuildFile; fileRef = 5ABCB6EF1A8CD5FD00CD71E2 /* TYVStructure.c */; };
		5ABCB6F41A8CD6AF00CD71E2 /* TYVStructureTests.c in Sources */ = {isa = PBXBuildFile; fileRef = 5ABCB6F21A8CD6AF00CD71E2 /* TYVStructureTests.c */; };
/* End PBXBuildFile section */

/* Begin PBXCopyFilesBuildPhase section */
		5ABCB6DD1A8CD25B00CD71E2 /* CopyFiles */ = {
			isa = PBXCopyFilesBuildPhase;
			buildActionMask = 2147483647;
			dstPath = /usr/share/man/man1/;
			dstSubfolderSpec = 0;
			files = (
			);
			runOnlyForDeploymentPostprocessing = 1;
		};
/* End PBXCopyFilesBuildPhase section */

/* Begin PBXFileReference section */
		5A26DD7A1A8DEB93008AA0F2 /* TYVMultiples.c */ = {isa = PBXFileReference; fileEncoding = 4; lastKnownFileType = sourcecode.c.c; path = TYVMultiples.c; sourceTree = "<group>"; };
		5A26DD7B1A8DEB93008AA0F2 /* TYVMultiples.h */ = {isa = PBXFileReference; fileEncoding = 4; lastKnownFileType = sourcecode.c.h; path = TYVMultiples.h; sourceTree = "<group>"; };
		5A26DD7D1A8DEBB7008AA0F2 /* TYVMultiplesTests.c */ = {isa = PBXFileReference; fileEncoding = 4; lastKnownFileType = sourcecode.c.c; path = TYVMultiplesTests.c; sourceTree = "<group>"; };
		5A26DD7E1A8DEBB7008AA0F2 /* TYVMultiplesTests.h */ = {isa = PBXFileReference; fileEncoding = 4; lastKnownFileType = sourcecode.c.h; path = TYVMultiplesTests.h; sourceTree = "<group>"; };
		5ABCB6DF1A8CD25B00CD71E2 /* IDAPCoursesHomework */ = {isa = PBXFileReference; explicitFileType = "compiled.mach-o.executable"; includeInIndex = 0; path = IDAPCoursesHomework; sourceTree = BUILT_PRODUCTS_DIR; };
		5ABCB6E21A8CD25B00CD71E2 /* main.c */ = {isa = PBXFileReference; lastKnownFileType = sourcecode.c.c; path = main.c; sourceTree = "<group>"; };
		5ABCB6EF1A8CD5FD00CD71E2 /* TYVStructure.c */ = {isa = PBXFileReference; fileEncoding = 4; lastKnownFileType = sourcecode.c.c; path = TYVStructure.c; sourceTree = "<group>"; };
		5ABCB6F01A8CD5FD00CD71E2 /* TYVStructure.h */ = {isa = PBXFileReference; fileEncoding = 4; lastKnownFileType = sourcecode.c.h; path = TYVStructure.h; sourceTree = "<group>"; };
		5ABCB6F21A8CD6AF00CD71E2 /* TYVStructureTests.c */ = {isa = PBXFileReference; fileEncoding = 4; lastKnownFileType = sourcecode.c.c; path = TYVStructureTests.c; sourceTree = "<group>"; };
		5ABCB6F31A8CD6AF00CD71E2 /* TYVStructureTests.h */ = {isa = PBXFileReference; fileEncoding = 4; lastKnownFileType = sourcecode.c.h; path = TYVStructureTests.h; sourceTree = "<group>"; };
/* End PBXFileReference section */

/* Begin PBXFrameworksBuildPhase section */
		5ABCB6DC1A8CD25B00CD71E2 /* Frameworks */ = {
			isa = PBXFrameworksBuildPhase;
			buildActionMask = 2147483647;
			files = (
			);
			runOnlyForDeploymentPostprocessing = 0;
		};
/* End PBXFrameworksBuildPhase section */

/* Begin PBXGroup section */
		5ABCB6D61A8CD25B00CD71E2 = {
			isa = PBXGroup;
			children = (
				5ABCB6E11A8CD25B00CD71E2 /* IDAPCoursesHomework */,
				5ABCB6E01A8CD25B00CD71E2 /* Products */,
			);
			sourceTree = "<group>";
		};
		5ABCB6E01A8CD25B00CD71E2 /* Products */ = {
			isa = PBXGroup;
			children = (
				5ABCB6DF1A8CD25B00CD71E2 /* IDAPCoursesHomework */,
			);
			name = Products;
			sourceTree = "<group>";
		};
		5ABCB6E11A8CD25B00CD71E2 /* IDAPCoursesHomework */ = {
			isa = PBXGroup;
			children = (
				5ABCB6E21A8CD25B00CD71E2 /* main.c */,
				5A26DD7A1A8DEB93008AA0F2 /* TYVMultiples.c */,
				5A26DD7B1A8DEB93008AA0F2 /* TYVMultiples.h */,
				5A26DD7D1A8DEBB7008AA0F2 /* TYVMultiplesTests.c */,
				5A26DD7E1A8DEBB7008AA0F2 /* TYVMultiplesTests.h */,
				5ABCB6EF1A8CD5FD00CD71E2 /* TYVStructure.c */,
				5ABCB6F01A8CD5FD00CD71E2 /* TYVStructure.h */,
				5ABCB6F21A8CD6AF00CD71E2 /* TYVStructureTests.c */,
				5ABCB6F31A8CD6AF00CD71E2 /* TYVStructureTests.h */,
			);
			path = IDAPCoursesHomework;
			sourceTree = "<group>";
		};
/* End PBXGroup section */

/* Begin PBXNativeTarget section */
		5ABCB6DE1A8CD25B00CD71E2 /* IDAPCoursesHomework */ = {
			isa = PBXNativeTarget;
			buildConfigurationList = 5ABCB6E61A8CD25B00CD71E2 /* Build configuration list for PBXNativeTarget "IDAPCoursesHomework" */;
			buildPhases = (
				5ABCB6DB1A8CD25B00CD71E2 /* Sources */,
				5ABCB6DC1A8CD25B00CD71E2 /* Frameworks */,
				5ABCB6DD1A8CD25B00CD71E2 /* CopyFiles */,
			);
			buildRules = (
			);
			dependencies = (
			);
			name = IDAPCoursesHomework;
			productName = IDAPCoursesHomework;
			productReference = 5ABCB6DF1A8CD25B00CD71E2 /* IDAPCoursesHomework */;
			productType = "com.apple.product-type.tool";
		};
/* End PBXNativeTarget section */

/* Begin PBXProject section */
		5ABCB6D71A8CD25B00CD71E2 /* Project object */ = {
			isa = PBXProject;
			attributes = {
				LastUpgradeCheck = 0610;
				ORGANIZATIONNAME = YURII;
				TargetAttributes = {
					5ABCB6DE1A8CD25B00CD71E2 = {
						CreatedOnToolsVersion = 6.1.1;
					};
				};
			};
			buildConfigurationList = 5ABCB6DA1A8CD25B00CD71E2 /* Build configuration list for PBXProject "IDAPCoursesHomework" */;
			compatibilityVersion = "Xcode 3.2";
			developmentRegion = English;
			hasScannedForEncodings = 0;
			knownRegions = (
				en,
			);
			mainGroup = 5ABCB6D61A8CD25B00CD71E2;
			productRefGroup = 5ABCB6E01A8CD25B00CD71E2 /* Products */;
			projectDirPath = "";
			projectRoot = "";
			targets = (
				5ABCB6DE1A8CD25B00CD71E2 /* IDAPCoursesHomework */,
			);
		};
/* End PBXProject section */

/* Begin PBXSourcesBuildPhase section */
		5ABCB6DB1A8CD25B00CD71E2 /* Sources */ = {
			isa = PBXSourcesBuildPhase;
			buildActionMask = 2147483647;
			files = (
				5ABCB6E31A8CD25B00CD71E2 /* main.c in Sources */,
				5A26DD7C1A8DEB93008AA0F2 /* TYVMultiples.c in Sources */,
				5A26DD7F1A8DEBB7008AA0F2 /* TYVMultiplesTests.c in Sources */,
				5ABCB6F11A8CD5FD00CD71E2 /* TYVStructure.c in Sources */,
				5ABCB6F41A8CD6AF00CD71E2 /* TYVStructureTests.c in Sources */,
			);
			runOnlyForDeploymentPostprocessing = 0;
		};
/* End PBXSourcesBuildPhase section */

/* Begin XCBuildConfiguration section */
		5ABCB6E41A8CD25B00CD71E2 /* Debug */ = {
			isa = XCBuildConfiguration;
			buildSettings = {
				ALWAYS_SEARCH_USER_PATHS = NO;
				CLANG_CXX_LANGUAGE_STANDARD = "gnu++0x";
				CLANG_CXX_LIBRARY = "libc++";
				CLANG_ENABLE_MODULES = YES;
				CLANG_ENABLE_OBJC_ARC = YES;
				CLANG_WARN_BOOL_CONVERSION = YES;
				CLANG_WARN_CONSTANT_CONVERSION = YES;
				CLANG_WARN_DIRECT_OBJC_ISA_USAGE = YES_ERROR;
				CLANG_WARN_EMPTY_BODY = YES;
				CLANG_WARN_ENUM_CONVERSION = YES;
				CLANG_WARN_INT_CONVERSION = YES;
				CLANG_WARN_OBJC_ROOT_CLASS = YES_ERROR;
				CLANG_WARN_UNREACHABLE_CODE = YES;
				CLANG_WARN__DUPLICATE_METHOD_MATCH = YES;
				COPY_PHASE_STRIP = NO;
				ENABLE_STRICT_OBJC_MSGSEND = YES;
				GCC_C_LANGUAGE_STANDARD = gnu99;
				GCC_DYNAMIC_NO_PIC = NO;
				GCC_OPTIMIZATION_LEVEL = 0;
				GCC_PREPROCESSOR_DEFINITIONS = (
					"DEBUG=1",
					"$(inherited)",
				);
				GCC_SYMBOLS_PRIVATE_EXTERN = NO;
				GCC_WARN_64_TO_32_BIT_CONVERSION = YES;
				GCC_WARN_ABOUT_RETURN_TYPE = YES_ERROR;
				GCC_WARN_UNDECLARED_SELECTOR = YES;
				GCC_WARN_UNINITIALIZED_AUTOS = YES_AGGRESSIVE;
				GCC_WARN_UNUSED_FUNCTION = YES;
				GCC_WARN_UNUSED_VARIABLE = YES;
				MACOSX_DEPLOYMENT_TARGET = 10.9;
				MTL_ENABLE_DEBUG_INFO = YES;
				ONLY_ACTIVE_ARCH = YES;
				SDKROOT = macosx;
			};
			name = Debug;
		};
		5ABCB6E51A8CD25B00CD71E2 /* Release */ = {
			isa = XCBuildConfiguration;
			buildSettings = {
				ALWAYS_SEARCH_USER_PATHS = NO;
				CLANG_CXX_LANGUAGE_STANDARD = "gnu++0x";
				CLANG_CXX_LIBRARY = "libc++";
				CLANG_ENABLE_MODULES = YES;
				CLANG_ENABLE_OBJC_ARC = YES;
				CLANG_WARN_BOOL_CONVERSION = YES;
				CLANG_WARN_CONSTANT_CONVERSION = YES;
				CLANG_WARN_DIRECT_OBJC_ISA_USAGE = YES_ERROR;
				CLANG_WARN_EMPTY_BODY = YES;
				CLANG_WARN_ENUM_CONVERSION = YES;
				CLANG_WARN_INT_CONVERSION = YES;
				CLANG_WARN_OBJC_ROOT_CLASS = YES_ERROR;
				CLANG_WARN_UNREACHABLE_CODE = YES;
				CLANG_WARN__DUPLICATE_METHOD_MATCH = YES;
				COPY_PHASE_STRIP = YES;
				DEBUG_INFORMATION_FORMAT = "dwarf-with-dsym";
				ENABLE_NS_ASSERTIONS = NO;
				ENABLE_STRICT_OBJC_MSGSEND = YES;
				GCC_C_LANGUAGE_STANDARD = gnu99;
				GCC_WARN_64_TO_32_BIT_CONVERSION = YES;
				GCC_WARN_ABOUT_RETURN_TYPE = YES_ERROR;
				GCC_WARN_UNDECLARED_SELECTOR = YES;
				GCC_WARN_UNINITIALIZED_AUTOS = YES_AGGRESSIVE;
				GCC_WARN_UNUSED_FUNCTION = YES;
				GCC_WARN_UNUSED_VARIABLE = YES;
				MACOSX_DEPLOYMENT_TARGET = 10.9;
				MTL_ENABLE_DEBUG_INFO = NO;
				SDKROOT = macosx;
			};
			name = Release;
		};
		5ABCB6E71A8CD25B00CD71E2 /* Debug */ = {
			isa = XCBuildConfiguration;
			buildSettings = {
				PRODUCT_NAME = "$(TARGET_NAME)";
			};
			name = Debug;
		};
		5ABCB6E81A8CD25B00CD71E2 /* Release */ = {
			isa = XCBuildConfiguration;
			buildSettings = {
				PRODUCT_NAME = "$(TARGET_NAME)";
			};
			name = Release;
		};
/* End XCBuildConfiguration section */

/* Begin XCConfigurationList section */
		5ABCB6DA1A8CD25B00CD71E2 /* Build configuration list for PBXProject "IDAPCoursesHomework" */ = {
			isa = XCConfigurationList;
			buildConfigurations = (
				5ABCB6E41A8CD25B00CD71E2 /* Debug */,
				5ABCB6E51A8CD25B00CD71E2 /* Release */,
			);
			defaultConfigurationIsVisible = 0;
			defaultConfigurationName = Release;
		};
		5ABCB6E61A8CD25B00CD71E2 /* Build configuration list for PBXNativeTarget "IDAPCoursesHomework" */ = {
			isa = XCConfigurationList;
			buildConfigurations = (
				5ABCB6E71A8CD25B00CD71E2 /* Debug */,
				5ABCB6E81A8CD25B00CD71E2 /* Release */,
			);
			defaultConfigurationIsVisible = 0;
			defaultConfigurationName = Release;
		};
/* End XCConfigurationList section */
	};
	rootObject = 5ABCB6D71A8CD25B00CD71E2 /* Project object */;
}
