// !$*UTF8*$!
{
	archiveVersion = 1;
	classes = {
	};
	objectVersion = 46;
	objects = {

/* Begin PBXBuildFile section */
		5A59E4941B29B1B4003461BC /* Info.plist in Resources */ = {isa = PBXBuildFile; fileRef = 5A59E4871B29B1B4003461BC /* Info.plist */; };
		5A59E4951B29B1B4003461BC /* main.m in Sources */ = {isa = PBXBuildFile; fileRef = 5A59E4881B29B1B4003461BC /* main.m */; };
		5A59E4981B29B1B4003461BC /* Images.xcassets in Resources */ = {isa = PBXBuildFile; fileRef = 5A59E48E1B29B1B4003461BC /* Images.xcassets */; };
		5A59E4991B29B1B4003461BC /* TYVAppDelegate.m in Sources */ = {isa = PBXBuildFile; fileRef = 5A59E4911B29B1B4003461BC /* TYVAppDelegate.m */; };
		5A59E49E1B29B1BC003461BC /* Info.plist in Resources */ = {isa = PBXBuildFile; fileRef = 5A59E49C1B29B1BC003461BC /* Info.plist */; };
		5A59E49F1B29B1BC003461BC /* IOSStudingTests.m in Sources */ = {isa = PBXBuildFile; fileRef = 5A59E49D1B29B1BC003461BC /* IOSStudingTests.m */; };
		5A59E4A21B29B4DF003461BC /* TYVLabelView.m in Sources */ = {isa = PBXBuildFile; fileRef = 5A59E4A11B29B4DF003461BC /* TYVLabelView.m */; };
		5A59E4A61B29BA12003461BC /* TYVLabelViewController.m in Sources */ = {isa = PBXBuildFile; fileRef = 5A59E4A41B29BA12003461BC /* TYVLabelViewController.m */; };
		5A59E4A71B29BA12003461BC /* TYVLabelViewController.xib in Resources */ = {isa = PBXBuildFile; fileRef = 5A59E4A51B29BA12003461BC /* TYVLabelViewController.xib */; };
		5A59E4AA1B29BDFD003461BC /* TYVViewController.m in Sources */ = {isa = PBXBuildFile; fileRef = 5A59E4A91B29BDFD003461BC /* TYVViewController.m */; };
/* End PBXBuildFile section */

/* Begin PBXContainerItemProxy section */
		5A59E4771B29AF87003461BC /* PBXContainerItemProxy */ = {
			isa = PBXContainerItemProxy;
			containerPortal = 5A59E4551B29AF87003461BC /* Project object */;
			proxyType = 1;
			remoteGlobalIDString = 5A59E45C1B29AF87003461BC;
			remoteInfo = IOSStuding;
		};
/* End PBXContainerItemProxy section */

/* Begin PBXFileReference section */
		5A59E45D1B29AF87003461BC /* IOSStuding.app */ = {isa = PBXFileReference; explicitFileType = wrapper.application; includeInIndex = 0; name = IOSStuding.app; path = "/Users/yurii/Documents/study/IDAPCoursesHomework/IOSStuding/build/Debug-iphoneos/IOSStuding.app"; sourceTree = "<absolute>"; };
		5A59E4761B29AF87003461BC /* IOSStudingTests.xctest */ = {isa = PBXFileReference; explicitFileType = wrapper.cfbundle; includeInIndex = 0; name = IOSStudingTests.xctest; path = "/Users/yurii/Documents/study/IDAPCoursesHomework/IOSStuding/build/Debug-iphoneos/IOSStudingTests.xctest"; sourceTree = "<absolute>"; };
		5A59E4871B29B1B4003461BC /* Info.plist */ = {isa = PBXFileReference; fileEncoding = 4; lastKnownFileType = text.plist.xml; path = Info.plist; sourceTree = "<group>"; };
		5A59E4881B29B1B4003461BC /* main.m */ = {isa = PBXFileReference; fileEncoding = 4; lastKnownFileType = sourcecode.c.objc; path = main.m; sourceTree = "<group>"; };
		5A59E48E1B29B1B4003461BC /* Images.xcassets */ = {isa = PBXFileReference; lastKnownFileType = folder.assetcatalog; path = Images.xcassets; sourceTree = "<group>"; };
		5A59E4901B29B1B4003461BC /* TYVAppDelegate.h */ = {isa = PBXFileReference; fileEncoding = 4; lastKnownFileType = sourcecode.c.h; path = TYVAppDelegate.h; sourceTree = "<group>"; };
		5A59E4911B29B1B4003461BC /* TYVAppDelegate.m */ = {isa = PBXFileReference; fileEncoding = 4; lastKnownFileType = sourcecode.c.objc; path = TYVAppDelegate.m; sourceTree = "<group>"; };
		5A59E49C1B29B1BC003461BC /* Info.plist */ = {isa = PBXFileReference; fileEncoding = 4; lastKnownFileType = text.plist.xml; path = Info.plist; sourceTree = "<group>"; };
		5A59E49D1B29B1BC003461BC /* IOSStudingTests.m */ = {isa = PBXFileReference; fileEncoding = 4; lastKnownFileType = sourcecode.c.objc; path = IOSStudingTests.m; sourceTree = "<group>"; };
		5A59E4A01B29B4DF003461BC /* TYVLabelView.h */ = {isa = PBXFileReference; fileEncoding = 4; lastKnownFileType = sourcecode.c.h; path = TYVLabelView.h; sourceTree = "<group>"; };
		5A59E4A11B29B4DF003461BC /* TYVLabelView.m */ = {isa = PBXFileReference; fileEncoding = 4; lastKnownFileType = sourcecode.c.objc; path = TYVLabelView.m; sourceTree = "<group>"; };
		5A59E4A31B29BA12003461BC /* TYVLabelViewController.h */ = {isa = PBXFileReference; fileEncoding = 4; lastKnownFileType = sourcecode.c.h; path = TYVLabelViewController.h; sourceTree = "<group>"; };
		5A59E4A41B29BA12003461BC /* TYVLabelViewController.m */ = {isa = PBXFileReference; fileEncoding = 4; lastKnownFileType = sourcecode.c.objc; path = TYVLabelViewController.m; sourceTree = "<group>"; };
		5A59E4A51B29BA12003461BC /* TYVLabelViewController.xib */ = {isa = PBXFileReference; fileEncoding = 4; lastKnownFileType = file.xib; path = TYVLabelViewController.xib; sourceTree = "<group>"; };
		5A59E4A81B29BDFD003461BC /* TYVViewController.h */ = {isa = PBXFileReference; fileEncoding = 4; lastKnownFileType = sourcecode.c.h; path = TYVViewController.h; sourceTree = "<group>"; };
		5A59E4A91B29BDFD003461BC /* TYVViewController.m */ = {isa = PBXFileReference; fileEncoding = 4; lastKnownFileType = sourcecode.c.objc; path = TYVViewController.m; sourceTree = "<group>"; };
/* End PBXFileReference section */

/* Begin PBXFrameworksBuildPhase section */
		5A59E45A1B29AF87003461BC /* Frameworks */ = {
			isa = PBXFrameworksBuildPhase;
			buildActionMask = 2147483647;
			files = (
			);
			runOnlyForDeploymentPostprocessing = 0;
		};
		5A59E4731B29AF87003461BC /* Frameworks */ = {
			isa = PBXFrameworksBuildPhase;
			buildActionMask = 2147483647;
			files = (
			);
			runOnlyForDeploymentPostprocessing = 0;
		};
/* End PBXFrameworksBuildPhase section */

/* Begin PBXGroup section */
		5A59E4541B29AF87003461BC = {
			isa = PBXGroup;
			children = (
				5A59E4861B29B1B4003461BC /* IOSStuding */,
				5A59E49B1B29B1BC003461BC /* IOSStudingTests */,
			);
			sourceTree = "<group>";
		};
		5A59E4861B29B1B4003461BC /* IOSStuding */ = {
			isa = PBXGroup;
			children = (
				5A59E4871B29B1B4003461BC /* Info.plist */,
				5A59E4881B29B1B4003461BC /* main.m */,
				5A59E4891B29B1B4003461BC /* Resources */,
				5A59E48F1B29B1B4003461BC /* Source */,
			);
			path = IOSStuding;
			sourceTree = "<group>";
		};
		5A59E4891B29B1B4003461BC /* Resources */ = {
			isa = PBXGroup;
			children = (
				5A59E48E1B29B1B4003461BC /* Images.xcassets */,
			);
			path = Resources;
			sourceTree = "<group>";
		};
		5A59E48F1B29B1B4003461BC /* Source */ = {
			isa = PBXGroup;
			children = (
				5A59E4A81B29BDFD003461BC /* TYVViewController.h */,
				5A59E4A91B29BDFD003461BC /* TYVViewController.m */,
				5A59E4901B29B1B4003461BC /* TYVAppDelegate.h */,
				5A59E4911B29B1B4003461BC /* TYVAppDelegate.m */,
				5A59E4A01B29B4DF003461BC /* TYVLabelView.h */,
				5A59E4A11B29B4DF003461BC /* TYVLabelView.m */,
				5A59E4A31B29BA12003461BC /* TYVLabelViewController.h */,
				5A59E4A41B29BA12003461BC /* TYVLabelViewController.m */,
				5A59E4A51B29BA12003461BC /* TYVLabelViewController.xib */,
			);
			path = Source;
			sourceTree = "<group>";
		};
		5A59E49B1B29B1BC003461BC /* IOSStudingTests */ = {
			isa = PBXGroup;
			children = (
				5A59E49C1B29B1BC003461BC /* Info.plist */,
				5A59E49D1B29B1BC003461BC /* IOSStudingTests.m */,
			);
			path = IOSStudingTests;
			sourceTree = "<group>";
		};
/* End PBXGroup section */

/* Begin PBXNativeTarget section */
		5A59E45C1B29AF87003461BC /* IOSStuding */ = {
			isa = PBXNativeTarget;
			buildConfigurationList = 5A59E4801B29AF87003461BC /* Build configuration list for PBXNativeTarget "IOSStuding" */;
			buildPhases = (
				5A59E4591B29AF87003461BC /* Sources */,
				5A59E45A1B29AF87003461BC /* Frameworks */,
				5A59E45B1B29AF87003461BC /* Resources */,
			);
			buildRules = (
			);
			dependencies = (
			);
			name = IOSStuding;
			productName = IOSStuding;
			productReference = 5A59E45D1B29AF87003461BC /* IOSStuding.app */;
			productType = "com.apple.product-type.application";
		};
		5A59E4751B29AF87003461BC /* IOSStudingTests */ = {
			isa = PBXNativeTarget;
			buildConfigurationList = 5A59E4831B29AF87003461BC /* Build configuration list for PBXNativeTarget "IOSStudingTests" */;
			buildPhases = (
				5A59E4721B29AF87003461BC /* Sources */,
				5A59E4731B29AF87003461BC /* Frameworks */,
				5A59E4741B29AF87003461BC /* Resources */,
			);
			buildRules = (
			);
			dependencies = (
				5A59E4781B29AF87003461BC /* PBXTargetDependency */,
			);
			name = IOSStudingTests;
			productName = IOSStudingTests;
			productReference = 5A59E4761B29AF87003461BC /* IOSStudingTests.xctest */;
			productType = "com.apple.product-type.bundle.unit-test";
		};
/* End PBXNativeTarget section */

/* Begin PBXProject section */
		5A59E4551B29AF87003461BC /* Project object */ = {
			isa = PBXProject;
			attributes = {
				CLASSPREFIX = TYV;
				LastUpgradeCheck = 0620;
				ORGANIZATIONNAME = YURII;
				TargetAttributes = {
					5A59E45C1B29AF87003461BC = {
						CreatedOnToolsVersion = 6.2;
					};
					5A59E4751B29AF87003461BC = {
						CreatedOnToolsVersion = 6.2;
						TestTargetID = 5A59E45C1B29AF87003461BC;
					};
				};
			};
			buildConfigurationList = 5A59E4581B29AF87003461BC /* Build configuration list for PBXProject "IOSStuding" */;
			compatibilityVersion = "Xcode 3.2";
			developmentRegion = English;
			hasScannedForEncodings = 0;
			knownRegions = (
				en,
				Base,
			);
			mainGroup = 5A59E4541B29AF87003461BC;
			productRefGroup = 5A59E4541B29AF87003461BC;
			projectDirPath = "";
			projectRoot = "";
			targets = (
				5A59E45C1B29AF87003461BC /* IOSStuding */,
				5A59E4751B29AF87003461BC /* IOSStudingTests */,
			);
		};
/* End PBXProject section */

/* Begin PBXResourcesBuildPhase section */
		5A59E45B1B29AF87003461BC /* Resources */ = {
			isa = PBXResourcesBuildPhase;
			buildActionMask = 2147483647;
			files = (
				5A59E4981B29B1B4003461BC /* Images.xcassets in Resources */,
				5A59E4941B29B1B4003461BC /* Info.plist in Resources */,
				5A59E4A71B29BA12003461BC /* TYVLabelViewController.xib in Resources */,
			);
			runOnlyForDeploymentPostprocessing = 0;
		};
		5A59E4741B29AF87003461BC /* Resources */ = {
			isa = PBXResourcesBuildPhase;
			buildActionMask = 2147483647;
			files = (
				5A59E49E1B29B1BC003461BC /* Info.plist in Resources */,
			);
			runOnlyForDeploymentPostprocessing = 0;
		};
/* End PBXResourcesBuildPhase section */

/* Begin PBXSourcesBuildPhase section */
		5A59E4591B29AF87003461BC /* Sources */ = {
			isa = PBXSourcesBuildPhase;
			buildActionMask = 2147483647;
			files = (
				5A59E4A21B29B4DF003461BC /* TYVLabelView.m in Sources */,
				5A59E4AA1B29BDFD003461BC /* TYVViewController.m in Sources */,
				5A59E4A61B29BA12003461BC /* TYVLabelViewController.m in Sources */,
				5A59E4991B29B1B4003461BC /* TYVAppDelegate.m in Sources */,
				5A59E4951B29B1B4003461BC /* main.m in Sources */,
			);
			runOnlyForDeploymentPostprocessing = 0;
		};
		5A59E4721B29AF87003461BC /* Sources */ = {
			isa = PBXSourcesBuildPhase;
			buildActionMask = 2147483647;
			files = (
				5A59E49F1B29B1BC003461BC /* IOSStudingTests.m in Sources */,
			);
			runOnlyForDeploymentPostprocessing = 0;
		};
/* End PBXSourcesBuildPhase section */

/* Begin PBXTargetDependency section */
		5A59E4781B29AF87003461BC /* PBXTargetDependency */ = {
			isa = PBXTargetDependency;
			target = 5A59E45C1B29AF87003461BC /* IOSStuding */;
			targetProxy = 5A59E4771B29AF87003461BC /* PBXContainerItemProxy */;
		};
/* End PBXTargetDependency section */

/* Begin XCBuildConfiguration section */
		5A59E47E1B29AF87003461BC /* Debug */ = {
			isa = XCBuildConfiguration;
			buildSettings = {
				ALWAYS_SEARCH_USER_PATHS = NO;
				CLANG_CXX_LANGUAGE_STANDARD = "gnu++0x";
				CLANG_CXX_LIBRARY = "libc++";
				CLANG_ENABLE_MODULES = YES;
				CLANG_ENABLE_OBJC_ARC = YES;
				CLANG_WARN_BOOL_CONVERSION = YES;
				CLANG_WARN_CONSTANT_CONVERSION = YES;
				CLANG_WARN_DIRECT_OBJC_ISA_USAGE = YES_ERROR;
				CLANG_WARN_EMPTY_BODY = YES;
				CLANG_WARN_ENUM_CONVERSION = YES;
				CLANG_WARN_INT_CONVERSION = YES;
				CLANG_WARN_OBJC_ROOT_CLASS = YES_ERROR;
				CLANG_WARN_UNREACHABLE_CODE = YES;
				CLANG_WARN__DUPLICATE_METHOD_MATCH = YES;
				"CODE_SIGN_IDENTITY[sdk=iphoneos*]" = "iPhone Developer";
				COPY_PHASE_STRIP = NO;
				ENABLE_STRICT_OBJC_MSGSEND = YES;
				GCC_C_LANGUAGE_STANDARD = gnu99;
				GCC_DYNAMIC_NO_PIC = NO;
				GCC_OPTIMIZATION_LEVEL = 0;
				GCC_PREPROCESSOR_DEFINITIONS = (
					"DEBUG=1",
					"$(inherited)",
				);
				GCC_SYMBOLS_PRIVATE_EXTERN = NO;
				GCC_WARN_64_TO_32_BIT_CONVERSION = YES;
				GCC_WARN_ABOUT_RETURN_TYPE = YES_ERROR;
				GCC_WARN_UNDECLARED_SELECTOR = YES;
				GCC_WARN_UNINITIALIZED_AUTOS = YES_AGGRESSIVE;
				GCC_WARN_UNUSED_FUNCTION = YES;
				GCC_WARN_UNUSED_VARIABLE = YES;
				IPHONEOS_DEPLOYMENT_TARGET = 8.2;
				MTL_ENABLE_DEBUG_INFO = YES;
				ONLY_ACTIVE_ARCH = YES;
				SDKROOT = iphoneos;
			};
			name = Debug;
		};
		5A59E47F1B29AF87003461BC /* Release */ = {
			isa = XCBuildConfiguration;
			buildSettings = {
				ALWAYS_SEARCH_USER_PATHS = NO;
				CLANG_CXX_LANGUAGE_STANDARD = "gnu++0x";
				CLANG_CXX_LIBRARY = "libc++";
				CLANG_ENABLE_MODULES = YES;
				CLANG_ENABLE_OBJC_ARC = YES;
				CLANG_WARN_BOOL_CONVERSION = YES;
				CLANG_WARN_CONSTANT_CONVERSION = YES;
				CLANG_WARN_DIRECT_OBJC_ISA_USAGE = YES_ERROR;
				CLANG_WARN_EMPTY_BODY = YES;
				CLANG_WARN_ENUM_CONVERSION = YES;
				CLANG_WARN_INT_CONVERSION = YES;
				CLANG_WARN_OBJC_ROOT_CLASS = YES_ERROR;
				CLANG_WARN_UNREACHABLE_CODE = YES;
				CLANG_WARN__DUPLICATE_METHOD_MATCH = YES;
				"CODE_SIGN_IDENTITY[sdk=iphoneos*]" = "iPhone Developer";
				COPY_PHASE_STRIP = NO;
				ENABLE_NS_ASSERTIONS = NO;
				ENABLE_STRICT_OBJC_MSGSEND = YES;
				GCC_C_LANGUAGE_STANDARD = gnu99;
				GCC_WARN_64_TO_32_BIT_CONVERSION = YES;
				GCC_WARN_ABOUT_RETURN_TYPE = YES_ERROR;
				GCC_WARN_UNDECLARED_SELECTOR = YES;
				GCC_WARN_UNINITIALIZED_AUTOS = YES_AGGRESSIVE;
				GCC_WARN_UNUSED_FUNCTION = YES;
				GCC_WARN_UNUSED_VARIABLE = YES;
				IPHONEOS_DEPLOYMENT_TARGET = 8.2;
				MTL_ENABLE_DEBUG_INFO = NO;
				SDKROOT = iphoneos;
				VALIDATE_PRODUCT = YES;
			};
			name = Release;
		};
		5A59E4811B29AF87003461BC /* Debug */ = {
			isa = XCBuildConfiguration;
			buildSettings = {
				ASSETCATALOG_COMPILER_APPICON_NAME = AppIcon;
				INFOPLIST_FILE = IOSStuding/Info.plist;
				LD_RUNPATH_SEARCH_PATHS = "$(inherited) @executable_path/Frameworks";
				PRODUCT_NAME = "$(TARGET_NAME)";
			};
			name = Debug;
		};
		5A59E4821B29AF87003461BC /* Release */ = {
			isa = XCBuildConfiguration;
			buildSettings = {
				ASSETCATALOG_COMPILER_APPICON_NAME = AppIcon;
				INFOPLIST_FILE = IOSStuding/Info.plist;
				LD_RUNPATH_SEARCH_PATHS = "$(inherited) @executable_path/Frameworks";
				PRODUCT_NAME = "$(TARGET_NAME)";
			};
			name = Release;
		};
		5A59E4841B29AF87003461BC /* Debug */ = {
			isa = XCBuildConfiguration;
			buildSettings = {
				BUNDLE_LOADER = "$(TEST_HOST)";
				FRAMEWORK_SEARCH_PATHS = (
					"$(SDKROOT)/Developer/Library/Frameworks",
					"$(inherited)",
				);
				GCC_PREPROCESSOR_DEFINITIONS = (
					"DEBUG=1",
					"$(inherited)",
				);
				INFOPLIST_FILE = IOSStudingTests/Info.plist;
				LD_RUNPATH_SEARCH_PATHS = "$(inherited) @executable_path/Frameworks @loader_path/Frameworks";
				PRODUCT_NAME = "$(TARGET_NAME)";
				TEST_HOST = "$(BUILT_PRODUCTS_DIR)/IOSStuding.app/IOSStuding";
			};
			name = Debug;
		};
		5A59E4851B29AF87003461BC /* Release */ = {
			isa = XCBuildConfiguration;
			buildSettings = {
				BUNDLE_LOADER = "$(TEST_HOST)";
				FRAMEWORK_SEARCH_PATHS = (
					"$(SDKROOT)/Developer/Library/Frameworks",
					"$(inherited)",
				);
				INFOPLIST_FILE = IOSStudingTests/Info.plist;
				LD_RUNPATH_SEARCH_PATHS = "$(inherited) @executable_path/Frameworks @loader_path/Frameworks";
				PRODUCT_NAME = "$(TARGET_NAME)";
				TEST_HOST = "$(BUILT_PRODUCTS_DIR)/IOSStuding.app/IOSStuding";
			};
			name = Release;
		};
/* End XCBuildConfiguration section */

/* Begin XCConfigurationList section */
		5A59E4581B29AF87003461BC /* Build configuration list for PBXProject "IOSStuding" */ = {
			isa = XCConfigurationList;
			buildConfigurations = (
				5A59E47E1B29AF87003461BC /* Debug */,
				5A59E47F1B29AF87003461BC /* Release */,
			);
			defaultConfigurationIsVisible = 0;
			defaultConfigurationName = Release;
		};
		5A59E4801B29AF87003461BC /* Build configuration list for PBXNativeTarget "IOSStuding" */ = {
			isa = XCConfigurationList;
			buildConfigurations = (
				5A59E4811B29AF87003461BC /* Debug */,
				5A59E4821B29AF87003461BC /* Release */,
			);
			defaultConfigurationIsVisible = 0;
		};
		5A59E4831B29AF87003461BC /* Build configuration list for PBXNativeTarget "IOSStudingTests" */ = {
			isa = XCConfigurationList;
			buildConfigurations = (
				5A59E4841B29AF87003461BC /* Debug */,
				5A59E4851B29AF87003461BC /* Release */,
			);
			defaultConfigurationIsVisible = 0;
		};
/* End XCConfigurationList section */
	};
	rootObject = 5A59E4551B29AF87003461BC /* Project object */;
}
